{
  "originHash" : "dcc33fadb706918586f5751a4590ed96e359cb7bd25cf57b04e5e3a4e96b5f2b",
  "pins" : [
    {
      "identity" : "kingfisher",
      "kind" : "remoteSourceControl",
      "location" : "https://github.com/onevcat/Kingfisher",
      "state" : {
        "revision" : "5b92f029fab2cce44386d28588098b5be0824ef5",
        "version" : "7.11.0"
      }
    },
    {
      "identity" : "swiftui-introspect",
      "kind" : "remoteSourceControl",
      "location" : "https://github.com/siteline/SwiftUI-Introspect",
      "state" : {
        "revision" : "0cd2a5a5895306bc21d54a2254302d24a9a571e4",
        "version" : "1.1.3"
      }
    },
    {
      "identity" : "swiftui-webview",
      "kind" : "remoteSourceControl",
      "location" : "https://github.com/kylehickinson/SwiftUI-WebView",
      "state" : {
        "revision" : "a67dcaff2377573a51f75761bb6e768b78931909",
        "version" : "0.3.0"
      }
    }
  ],
  "version" : 3
}
