{
  "pins" : [
    {
      "identity" : "marqueetext",
      "kind" : "remoteSourceControl",
      "location" : "https://github.com/joekndy/MarqueeText",
      "state" : {
        "branch" : "master",
        "revision" : "7a8415b7e27d8f2919a7b502b4bc85eaea3ff3ee"
      }
    },
    {
      "identity" : "sdwebimage",
      "kind" : "remoteSourceControl",
      "location" : "https://github.com/SDWebImage/SDWebImage.git",
      "state" : {
        "revision" : "6c6b951845a520fa7e8356e28adb5339c0f008d3",
        "version" : "5.15.0"
      }
    },
    {
      "identity" : "sdwebimageswiftui",
      "kind" : "remoteSourceControl",
      "location" : "https://github.com/SDWebImage/SDWebImageSwiftUI",
      "state" : {
        "revision" : "61fefe9c284fd41ddef77d02749e88f00c305196",
        "version" : "2.2.2"
      }
    },
    {
      "identity" : "swiftui-introspect",
      "kind" : "remoteSourceControl",
      "location" : "https://github.com/siteline/SwiftUI-Introspect",
      "state" : {
        "branch" : "master",
        "revision" : "d3cbf32788250741d397cfb5bcd532c37aa1096d"
      }
    },
    {
      "identity" : "swiftui-webview",
      "kind" : "remoteSourceControl",
      "location" : "https://github.com/kylehickinson/SwiftUI-WebView",
      "state" : {
        "revision" : "a67dcaff2377573a51f75761bb6e768b78931909",
        "version" : "0.3.0"
      }
    }
  ],
  "version" : 2
}
