// !$*UTF8*$!
{
	archiveVersion = 1;
	classes = {
	};
	objectVersion = 55;
	objects = {

/* Begin PBXBuildFile section */
		E904E42E2928EC6200DEE8B9 /* WebView in Frameworks */ = {isa = PBXBuildFile; productRef = E904E42D2928EC6200DEE8B9 /* WebView */; };
		E904E42F2928ED2300DEE8B9 /* RotatingButtonStyle.swift in Sources */ = {isa = PBXBuildFile; fileRef = E93473B62928E95E00E2016C /* RotatingButtonStyle.swift */; };
		E904E4302928ED2300DEE8B9 /* ArchivePlayerViewModel.swift in Sources */ = {isa = PBXBuildFile; fileRef = E93473B72928E95E00E2016C /* ArchivePlayerViewModel.swift */; };
		E904E4312928ED2300DEE8B9 /* InfiniteView.swift in Sources */ = {isa = PBXBuildFile; fileRef = E93473B42928E95E00E2016C /* InfiniteView.swift */; };
		E904E4322928ED2300DEE8B9 /* ArchiveDataController.swift in Sources */ = {isa = PBXBuildFile; fileRef = E93473B82928E95E00E2016C /* ArchiveDataController.swift */; };
		E904E4332928ED2300DEE8B9 /* InfiniteViewModel.swift in Sources */ = {isa = PBXBuildFile; fileRef = E93473BA2928E95E00E2016C /* InfiniteViewModel.swift */; };
		E904E4342928ED2300DEE8B9 /* ArchivePlayerView.swift in Sources */ = {isa = PBXBuildFile; fileRef = E93473B32928E95E00E2016C /* ArchivePlayerView.swift */; };
		E904E4352928ED2300DEE8B9 /* userScript.js in Resources */ = {isa = PBXBuildFile; fileRef = E93473B12928E95E00E2016C /* userScript.js */; };
		E904E4362928ED2300DEE8B9 /* ArchiveView.swift in Sources */ = {isa = PBXBuildFile; fileRef = E93473B52928E95E00E2016C /* ArchiveView.swift */; };
		E904E4372928ED2300DEE8B9 /* BlurView.swift in Sources */ = {isa = PBXBuildFile; fileRef = E93473B22928E95E00E2016C /* BlurView.swift */; };
		E90555A22972FCA500428320 /* WAVCategory.swift in Sources */ = {isa = PBXBuildFile; fileRef = E90555A12972FCA500428320 /* WAVCategory.swift */; };
		E91F682F28867FE7005985BF /* WAVApp.swift in Sources */ = {isa = PBXBuildFile; fileRef = E91F682E28867FE7005985BF /* WAVApp.swift */; };
		E91F683128867FE7005985BF /* ContentView.swift in Sources */ = {isa = PBXBuildFile; fileRef = E91F683028867FE7005985BF /* ContentView.swift */; };
		E91F683328867FEC005985BF /* Assets.xcassets in Resources */ = {isa = PBXBuildFile; fileRef = E91F683228867FEC005985BF /* Assets.xcassets */; };
		E91F683628867FEC005985BF /* Preview Assets.xcassets in Resources */ = {isa = PBXBuildFile; fileRef = E91F683528867FEC005985BF /* Preview Assets.xcassets */; };
		E958BACA28F17E4300D37B13 /* Schedule.swift in Sources */ = {isa = PBXBuildFile; fileRef = E958BAC928F17E4300D37B13 /* Schedule.swift */; };
		E95AB21829663BB500AEC268 /* Image-centerCropped.swift in Sources */ = {isa = PBXBuildFile; fileRef = E95AB21729663BB500AEC268 /* Image-centerCropped.swift */; };
		E961C5C429253F4C0091FB0B /* ArtworkPlaceholder.swift in Sources */ = {isa = PBXBuildFile; fileRef = E961C5C329253F4C0091FB0B /* ArtworkPlaceholder.swift */; };
		E961C5C629253FA80091FB0B /* RadioViewHeader.swift in Sources */ = {isa = PBXBuildFile; fileRef = E961C5C529253FA80091FB0B /* RadioViewHeader.swift */; };
		E966D6C6288AF89900337C47 /* RadioView.swift in Sources */ = {isa = PBXBuildFile; fileRef = E966D6C5288AF89900337C47 /* RadioView.swift */; };
		E9702CA4295B4BD3007471A4 /* BlackTitle.swift in Sources */ = {isa = PBXBuildFile; fileRef = E9702CA3295B4BD3007471A4 /* BlackTitle.swift */; };
		E9702CA6295B5119007471A4 /* ArchiveItemView.swift in Sources */ = {isa = PBXBuildFile; fileRef = E9702CA5295B5119007471A4 /* ArchiveItemView.swift */; };
		E97D51BB295A2A3900DB9380 /* String-condenseWhitespace.swift in Sources */ = {isa = PBXBuildFile; fileRef = E97D51BA295A2A3900DB9380 /* String-condenseWhitespace.swift */; };
		E98887A628942A70002E0349 /* pixelmix.ttf in Resources */ = {isa = PBXBuildFile; fileRef = E98887A428942A6D002E0349 /* pixelmix.ttf */; };
		E98887AA28942A8D002E0349 /* license.txt in Resources */ = {isa = PBXBuildFile; fileRef = E98887A928942A8D002E0349 /* license.txt */; };
		E98887AC28942A91002E0349 /* readme.txt in Resources */ = {isa = PBXBuildFile; fileRef = E98887AB28942A91002E0349 /* readme.txt */; };
		E993B769292AD1E600654912 /* RadioMarquee.swift in Sources */ = {isa = PBXBuildFile; fileRef = E993B768292AD1E600654912 /* RadioMarquee.swift */; };
		E99C802A296F8ACB000629F9 /* View-readSize.swift in Sources */ = {isa = PBXBuildFile; fileRef = E99C8029296F8ACB000629F9 /* View-readSize.swift */; };
		E99C802C296F8B06000629F9 /* FlexibleView.swift in Sources */ = {isa = PBXBuildFile; fileRef = E99C802B296F8B06000629F9 /* FlexibleView.swift */; };
		E99C802E296F8E08000629F9 /* WAVBlack.swift in Sources */ = {isa = PBXBuildFile; fileRef = E99C802D296F8E08000629F9 /* WAVBlack.swift */; };
		E9A413652896CFCE00BF9D98 /* Radio.swift in Sources */ = {isa = PBXBuildFile; fileRef = E9A413642896CFCE00BF9D98 /* Radio.swift */; };
		E9AB244F292DBDEC00086338 /* Chat.swift in Sources */ = {isa = PBXBuildFile; fileRef = E9AB244E292DBD8300086338 /* Chat.swift */; };
		E9C88D2028AD74EB00C62DC2 /* PixelButton.swift in Sources */ = {isa = PBXBuildFile; fileRef = E9C88D1F28AD74D500C62DC2 /* PixelButton.swift */; };
		E9D77354292AB3D800C816C3 /* MarqueeText in Frameworks */ = {isa = PBXBuildFile; productRef = E9D77353292AB3D800C816C3 /* MarqueeText */; };
		E9DC8EE72961BA1D00C4B557 /* WAVShow.swift in Sources */ = {isa = PBXBuildFile; fileRef = E9DC8EE62961BA1D00C4B557 /* WAVShow.swift */; };
		E9EC4CC829720C1400690B88 /* String-htmlEntities.swift in Sources */ = {isa = PBXBuildFile; fileRef = E9EC4CC729720C1400690B88 /* String-htmlEntities.swift */; };
		E9F17FA62928059200F0FC27 /* Artwork.swift in Sources */ = {isa = PBXBuildFile; fileRef = E9F17FA52928059200F0FC27 /* Artwork.swift */; };
		E9FC53C0290084A600814244 /* MicroDOM.swift in Sources */ = {isa = PBXBuildFile; fileRef = E9FC53BF290084A600814244 /* MicroDOM.swift */; };
		E9FCF7F529539D7B0015C442 /* RecordView.swift in Sources */ = {isa = PBXBuildFile; fileRef = E9FCF7F429539D7B0015C442 /* RecordView.swift */; };
/* End PBXBuildFile section */

/* Begin PBXFileReference section */
		E90555A12972FCA500428320 /* WAVCategory.swift */ = {isa = PBXFileReference; lastKnownFileType = sourcecode.swift; path = WAVCategory.swift; sourceTree = "<group>"; };
		E90ED1C3289B06830009EC65 /* status-json.sample.20220803.xsl.json */ = {isa = PBXFileReference; lastKnownFileType = text.json; path = "status-json.sample.20220803.xsl.json"; sourceTree = "<group>"; };
		E91CCD7B289E7D6500F2E3C6 /* status-json.sample.20220806.xsl.json */ = {isa = PBXFileReference; lastKnownFileType = text.json; path = "status-json.sample.20220806.xsl.json"; sourceTree = "<group>"; };
		E91CCD7C289E7FA700F2E3C6 /* stream.xml */ = {isa = PBXFileReference; lastKnownFileType = text.xml; path = stream.xml; sourceTree = "<group>"; };
		E91F682B28867FE7005985BF /* WAV.app */ = {isa = PBXFileReference; explicitFileType = wrapper.application; includeInIndex = 0; path = WAV.app; sourceTree = BUILT_PRODUCTS_DIR; };
		E91F682E28867FE7005985BF /* WAVApp.swift */ = {isa = PBXFileReference; lastKnownFileType = sourcecode.swift; path = WAVApp.swift; sourceTree = "<group>"; };
		E91F683028867FE7005985BF /* ContentView.swift */ = {isa = PBXFileReference; lastKnownFileType = sourcecode.swift; path = ContentView.swift; sourceTree = "<group>"; };
		E91F683228867FEC005985BF /* Assets.xcassets */ = {isa = PBXFileReference; lastKnownFileType = folder.assetcatalog; path = Assets.xcassets; sourceTree = "<group>"; };
		E91F683528867FEC005985BF /* Preview Assets.xcassets */ = {isa = PBXFileReference; lastKnownFileType = folder.assetcatalog; path = "Preview Assets.xcassets"; sourceTree = "<group>"; };
		E93473B12928E95E00E2016C /* userScript.js */ = {isa = PBXFileReference; fileEncoding = 4; lastKnownFileType = sourcecode.javascript; path = userScript.js; sourceTree = "<group>"; };
		E93473B22928E95E00E2016C /* BlurView.swift */ = {isa = PBXFileReference; fileEncoding = 4; lastKnownFileType = sourcecode.swift; path = BlurView.swift; sourceTree = "<group>"; };
		E93473B32928E95E00E2016C /* ArchivePlayerView.swift */ = {isa = PBXFileReference; fileEncoding = 4; lastKnownFileType = sourcecode.swift; path = ArchivePlayerView.swift; sourceTree = "<group>"; };
		E93473B42928E95E00E2016C /* InfiniteView.swift */ = {isa = PBXFileReference; fileEncoding = 4; lastKnownFileType = sourcecode.swift; path = InfiniteView.swift; sourceTree = "<group>"; };
		E93473B52928E95E00E2016C /* ArchiveView.swift */ = {isa = PBXFileReference; fileEncoding = 4; lastKnownFileType = sourcecode.swift; path = ArchiveView.swift; sourceTree = "<group>"; };
		E93473B62928E95E00E2016C /* RotatingButtonStyle.swift */ = {isa = PBXFileReference; fileEncoding = 4; lastKnownFileType = sourcecode.swift; path = RotatingButtonStyle.swift; sourceTree = "<group>"; };
		E93473B72928E95E00E2016C /* ArchivePlayerViewModel.swift */ = {isa = PBXFileReference; fileEncoding = 4; lastKnownFileType = sourcecode.swift; path = ArchivePlayerViewModel.swift; sourceTree = "<group>"; };
		E93473B82928E95E00E2016C /* ArchiveDataController.swift */ = {isa = PBXFileReference; fileEncoding = 4; lastKnownFileType = sourcecode.swift; path = ArchiveDataController.swift; sourceTree = "<group>"; };
		E93473BA2928E95E00E2016C /* InfiniteViewModel.swift */ = {isa = PBXFileReference; fileEncoding = 4; lastKnownFileType = sourcecode.swift; path = InfiniteViewModel.swift; sourceTree = "<group>"; };
		E958BAC928F17E4300D37B13 /* Schedule.swift */ = {isa = PBXFileReference; lastKnownFileType = sourcecode.swift; path = Schedule.swift; sourceTree = "<group>"; };
		E95AB21729663BB500AEC268 /* Image-centerCropped.swift */ = {isa = PBXFileReference; lastKnownFileType = sourcecode.swift; path = "Image-centerCropped.swift"; sourceTree = "<group>"; };
		E961C5C329253F4C0091FB0B /* ArtworkPlaceholder.swift */ = {isa = PBXFileReference; lastKnownFileType = sourcecode.swift; path = ArtworkPlaceholder.swift; sourceTree = "<group>"; };
		E961C5C529253FA80091FB0B /* RadioViewHeader.swift */ = {isa = PBXFileReference; lastKnownFileType = sourcecode.swift; path = RadioViewHeader.swift; sourceTree = "<group>"; };
		E966D6C5288AF89900337C47 /* RadioView.swift */ = {isa = PBXFileReference; lastKnownFileType = sourcecode.swift; path = RadioView.swift; sourceTree = "<group>"; };
		E9702CA3295B4BD3007471A4 /* BlackTitle.swift */ = {isa = PBXFileReference; lastKnownFileType = sourcecode.swift; path = BlackTitle.swift; sourceTree = "<group>"; };
		E9702CA5295B5119007471A4 /* ArchiveItemView.swift */ = {isa = PBXFileReference; lastKnownFileType = sourcecode.swift; path = ArchiveItemView.swift; sourceTree = "<group>"; };
		E97D51BA295A2A3900DB9380 /* String-condenseWhitespace.swift */ = {isa = PBXFileReference; lastKnownFileType = sourcecode.swift; path = "String-condenseWhitespace.swift"; sourceTree = "<group>"; };
		E98887A428942A6D002E0349 /* pixelmix.ttf */ = {isa = PBXFileReference; lastKnownFileType = file; path = pixelmix.ttf; sourceTree = "<group>"; };
		E98887A928942A8D002E0349 /* license.txt */ = {isa = PBXFileReference; fileEncoding = 4; lastKnownFileType = text; path = license.txt; sourceTree = "<group>"; };
		E98887AB28942A91002E0349 /* readme.txt */ = {isa = PBXFileReference; fileEncoding = 4; lastKnownFileType = text; path = readme.txt; sourceTree = "<group>"; };
		E98887AD28942DC2002E0349 /* Info.plist */ = {isa = PBXFileReference; lastKnownFileType = text.plist; path = Info.plist; sourceTree = "<group>"; };
		E993B768292AD1E600654912 /* RadioMarquee.swift */ = {isa = PBXFileReference; lastKnownFileType = sourcecode.swift; path = RadioMarquee.swift; sourceTree = "<group>"; };
		E99C8029296F8ACB000629F9 /* View-readSize.swift */ = {isa = PBXFileReference; fileEncoding = 4; lastKnownFileType = sourcecode.swift; path = "View-readSize.swift"; sourceTree = "<group>"; };
		E99C802B296F8B06000629F9 /* FlexibleView.swift */ = {isa = PBXFileReference; fileEncoding = 4; lastKnownFileType = sourcecode.swift; path = FlexibleView.swift; sourceTree = "<group>"; };
		E99C802D296F8E08000629F9 /* WAVBlack.swift */ = {isa = PBXFileReference; lastKnownFileType = sourcecode.swift; path = WAVBlack.swift; sourceTree = "<group>"; };
		E9A413642896CFCE00BF9D98 /* Radio.swift */ = {isa = PBXFileReference; lastKnownFileType = sourcecode.swift; path = Radio.swift; sourceTree = "<group>"; };
		E9AB244E292DBD8300086338 /* Chat.swift */ = {isa = PBXFileReference; lastKnownFileType = sourcecode.swift; path = Chat.swift; sourceTree = "<group>"; };
		E9C88D1F28AD74D500C62DC2 /* PixelButton.swift */ = {isa = PBXFileReference; lastKnownFileType = sourcecode.swift; name = PixelButton.swift; path = WAV/PixelButton.swift; sourceTree = SOURCE_ROOT; };
		E9DC8EE62961BA1D00C4B557 /* WAVShow.swift */ = {isa = PBXFileReference; lastKnownFileType = sourcecode.swift; path = WAVShow.swift; sourceTree = "<group>"; };
		E9EC4CC729720C1400690B88 /* String-htmlEntities.swift */ = {isa = PBXFileReference; lastKnownFileType = sourcecode.swift; path = "String-htmlEntities.swift"; sourceTree = "<group>"; };
		E9F17FA52928059200F0FC27 /* Artwork.swift */ = {isa = PBXFileReference; lastKnownFileType = sourcecode.swift; path = Artwork.swift; sourceTree = "<group>"; };
		E9FC53BF290084A600814244 /* MicroDOM.swift */ = {isa = PBXFileReference; fileEncoding = 4; lastKnownFileType = sourcecode.swift; path = MicroDOM.swift; sourceTree = "<group>"; };
		E9FCF7F429539D7B0015C442 /* RecordView.swift */ = {isa = PBXFileReference; fileEncoding = 4; lastKnownFileType = sourcecode.swift; path = RecordView.swift; sourceTree = "<group>"; };
/* End PBXFileReference section */

/* Begin PBXFrameworksBuildPhase section */
		E91F682828867FE7005985BF /* Frameworks */ = {
			isa = PBXFrameworksBuildPhase;
			buildActionMask = 2147483647;
			files = (
				E9D77354292AB3D800C816C3 /* MarqueeText in Frameworks */,
				E904E42E2928EC6200DEE8B9 /* WebView in Frameworks */,
			);
			runOnlyForDeploymentPostprocessing = 0;
		};
/* End PBXFrameworksBuildPhase section */

/* Begin PBXGroup section */
		E91F682228867FE7005985BF = {
			isa = PBXGroup;
			children = (
				E91F682D28867FE7005985BF /* WAV */,
				E91F682C28867FE7005985BF /* Products */,
			);
			sourceTree = "<group>";
		};
		E91F682C28867FE7005985BF /* Products */ = {
			isa = PBXGroup;
			children = (
				E91F682B28867FE7005985BF /* WAV.app */,
			);
			name = Products;
			sourceTree = "<group>";
		};
		E91F682D28867FE7005985BF /* WAV */ = {
			isa = PBXGroup;
			children = (
				E98887AD28942DC2002E0349 /* Info.plist */,
				E91F683228867FEC005985BF /* Assets.xcassets */,
				E91F682E28867FE7005985BF /* WAVApp.swift */,
				E91F683028867FE7005985BF /* ContentView.swift */,
				E9B229A8289C65A000AC55CF /* Radio */,
				E961C5C72925EF790091FB0B /* Schedule */,
				E934739C2928CBB000E2016C /* Archive */,
				E9AB244D292DBD6D00086338 /* Chat */,
				E98887A828942A78002E0349 /* Fonts */,
				E97D51B9295A2A1400DB9380 /* Extensions */,
				E91F683428867FEC005985BF /* Preview Content */,
			);
			path = WAV;
			sourceTree = "<group>";
		};
		E91F683428867FEC005985BF /* Preview Content */ = {
			isa = PBXGroup;
			children = (
				E90ED1C3289B06830009EC65 /* status-json.sample.20220803.xsl.json */,
				E91CCD7B289E7D6500F2E3C6 /* status-json.sample.20220806.xsl.json */,
				E91CCD7C289E7FA700F2E3C6 /* stream.xml */,
				E91F683528867FEC005985BF /* Preview Assets.xcassets */,
			);
			path = "Preview Content";
			sourceTree = "<group>";
		};
		E934739C2928CBB000E2016C /* Archive */ = {
			isa = PBXGroup;
			children = (
				E9DC8EE62961BA1D00C4B557 /* WAVShow.swift */,
				E90555A12972FCA500428320 /* WAVCategory.swift */,
				E93473B52928E95E00E2016C /* ArchiveView.swift */,
				E93473B82928E95E00E2016C /* ArchiveDataController.swift */,
				E93473B32928E95E00E2016C /* ArchivePlayerView.swift */,
				E93473B72928E95E00E2016C /* ArchivePlayerViewModel.swift */,
				E93473B42928E95E00E2016C /* InfiniteView.swift */,
				E93473BA2928E95E00E2016C /* InfiniteViewModel.swift */,
				E9702CA5295B5119007471A4 /* ArchiveItemView.swift */,
				E99C802D296F8E08000629F9 /* WAVBlack.swift */,
				E99C802B296F8B06000629F9 /* FlexibleView.swift */,
				E9702CA3295B4BD3007471A4 /* BlackTitle.swift */,
				E93473B22928E95E00E2016C /* BlurView.swift */,
				E9FCF7F429539D7B0015C442 /* RecordView.swift */,
				E93473B62928E95E00E2016C /* RotatingButtonStyle.swift */,
				E93473B12928E95E00E2016C /* userScript.js */,
			);
			path = Archive;
			sourceTree = "<group>";
		};
		E961C5C72925EF790091FB0B /* Schedule */ = {
			isa = PBXGroup;
			children = (
				E958BAC928F17E4300D37B13 /* Schedule.swift */,
			);
			path = Schedule;
			sourceTree = "<group>";
		};
		E97D51B9295A2A1400DB9380 /* Extensions */ = {
			isa = PBXGroup;
			children = (
				E95AB21729663BB500AEC268 /* Image-centerCropped.swift */,
				E97D51BA295A2A3900DB9380 /* String-condenseWhitespace.swift */,
				E9EC4CC729720C1400690B88 /* String-htmlEntities.swift */,
				E99C8029296F8ACB000629F9 /* View-readSize.swift */,
			);
			path = Extensions;
			sourceTree = "<group>";
		};
		E98887A828942A78002E0349 /* Fonts */ = {
			isa = PBXGroup;
			children = (
				E98887A928942A8D002E0349 /* license.txt */,
				E98887AB28942A91002E0349 /* readme.txt */,
				E98887A428942A6D002E0349 /* pixelmix.ttf */,
			);
			path = Fonts;
			sourceTree = "<group>";
		};
		E9AB244D292DBD6D00086338 /* Chat */ = {
			isa = PBXGroup;
			children = (
				E9AB244E292DBD8300086338 /* Chat.swift */,
			);
			path = Chat;
			sourceTree = "<group>";
		};
		E9B229A8289C65A000AC55CF /* Radio */ = {
			isa = PBXGroup;
			children = (
				E9A413642896CFCE00BF9D98 /* Radio.swift */,
				E966D6C5288AF89900337C47 /* RadioView.swift */,
				E993B768292AD1E600654912 /* RadioMarquee.swift */,
				E961C5C529253FA80091FB0B /* RadioViewHeader.swift */,
				E9F17FA52928059200F0FC27 /* Artwork.swift */,
				E961C5C329253F4C0091FB0B /* ArtworkPlaceholder.swift */,
				E9FC53BF290084A600814244 /* MicroDOM.swift */,
				E9C88D1F28AD74D500C62DC2 /* PixelButton.swift */,
			);
			path = Radio;
			sourceTree = "<group>";
		};
/* End PBXGroup section */

/* Begin PBXNativeTarget section */
		E91F682A28867FE7005985BF /* WAV */ = {
			isa = PBXNativeTarget;
			buildConfigurationList = E91F683928867FEC005985BF /* Build configuration list for PBXNativeTarget "WAV" */;
			buildPhases = (
				E91F682728867FE7005985BF /* Sources */,
				E91F682828867FE7005985BF /* Frameworks */,
				E91F682928867FE7005985BF /* Resources */,
			);
			buildRules = (
			);
			dependencies = (
			);
			name = WAV;
			packageProductDependencies = (
				E904E42D2928EC6200DEE8B9 /* WebView */,
				E9D77353292AB3D800C816C3 /* MarqueeText */,
			);
			productName = WAV;
			productReference = E91F682B28867FE7005985BF /* WAV.app */;
			productType = "com.apple.product-type.application";
		};
/* End PBXNativeTarget section */

/* Begin PBXProject section */
		E91F682328867FE7005985BF /* Project object */ = {
			isa = PBXProject;
			attributes = {
				BuildIndependentTargetsInParallel = 1;
				LastSwiftUpdateCheck = 1340;
				LastUpgradeCheck = 1340;
				TargetAttributes = {
					E91F682A28867FE7005985BF = {
						CreatedOnToolsVersion = 13.4.1;
					};
				};
			};
			buildConfigurationList = E91F682628867FE7005985BF /* Build configuration list for PBXProject "WAV" */;
			compatibilityVersion = "Xcode 13.0";
			developmentRegion = en;
			hasScannedForEncodings = 0;
			knownRegions = (
				en,
				Base,
			);
			mainGroup = E91F682228867FE7005985BF;
			packageReferences = (
				E904E42C2928EC6200DEE8B9 /* XCRemoteSwiftPackageReference "SwiftUI-WebView" */,
				E9D77352292AB3D800C816C3 /* XCRemoteSwiftPackageReference "MarqueeText" */,
			);
			productRefGroup = E91F682C28867FE7005985BF /* Products */;
			projectDirPath = "";
			projectRoot = "";
			targets = (
				E91F682A28867FE7005985BF /* WAV */,
			);
		};
/* End PBXProject section */

/* Begin PBXResourcesBuildPhase section */
		E91F682928867FE7005985BF /* Resources */ = {
			isa = PBXResourcesBuildPhase;
			buildActionMask = 2147483647;
			files = (
				E904E4352928ED2300DEE8B9 /* userScript.js in Resources */,
				E98887AC28942A91002E0349 /* readme.txt in Resources */,
				E91F683628867FEC005985BF /* Preview Assets.xcassets in Resources */,
				E98887AA28942A8D002E0349 /* license.txt in Resources */,
				E91F683328867FEC005985BF /* Assets.xcassets in Resources */,
				E98887A628942A70002E0349 /* pixelmix.ttf in Resources */,
			);
			runOnlyForDeploymentPostprocessing = 0;
		};
/* End PBXResourcesBuildPhase section */

/* Begin PBXSourcesBuildPhase section */
		E91F682728867FE7005985BF /* Sources */ = {
			isa = PBXSourcesBuildPhase;
			buildActionMask = 2147483647;
			files = (
				E9EC4CC829720C1400690B88 /* String-htmlEntities.swift in Sources */,
				E9FC53C0290084A600814244 /* MicroDOM.swift in Sources */,
				E9DC8EE72961BA1D00C4B557 /* WAVShow.swift in Sources */,
				E904E4312928ED2300DEE8B9 /* InfiniteView.swift in Sources */,
				E9702CA4295B4BD3007471A4 /* BlackTitle.swift in Sources */,
				E91F683128867FE7005985BF /* ContentView.swift in Sources */,
				E9AB244F292DBDEC00086338 /* Chat.swift in Sources */,
				E904E4362928ED2300DEE8B9 /* ArchiveView.swift in Sources */,
				E904E4332928ED2300DEE8B9 /* InfiniteViewModel.swift in Sources */,
				E904E4342928ED2300DEE8B9 /* ArchivePlayerView.swift in Sources */,
				E9FCF7F529539D7B0015C442 /* RecordView.swift in Sources */,
				E9A413652896CFCE00BF9D98 /* Radio.swift in Sources */,
				E9C88D2028AD74EB00C62DC2 /* PixelButton.swift in Sources */,
				E97D51BB295A2A3900DB9380 /* String-condenseWhitespace.swift in Sources */,
				E904E4322928ED2300DEE8B9 /* ArchiveDataController.swift in Sources */,
				E9702CA6295B5119007471A4 /* ArchiveItemView.swift in Sources */,
				E90555A22972FCA500428320 /* WAVCategory.swift in Sources */,
				E966D6C6288AF89900337C47 /* RadioView.swift in Sources */,
				E958BACA28F17E4300D37B13 /* Schedule.swift in Sources */,
				E993B769292AD1E600654912 /* RadioMarquee.swift in Sources */,
				E904E42F2928ED2300DEE8B9 /* RotatingButtonStyle.swift in Sources */,
				E99C802C296F8B06000629F9 /* FlexibleView.swift in Sources */,
				E961C5C629253FA80091FB0B /* RadioViewHeader.swift in Sources */,
				E904E4372928ED2300DEE8B9 /* BlurView.swift in Sources */,
				E904E4302928ED2300DEE8B9 /* ArchivePlayerViewModel.swift in Sources */,
				E99C802A296F8ACB000629F9 /* View-readSize.swift in Sources */,
				E99C802E296F8E08000629F9 /* WAVBlack.swift in Sources */,
				E9F17FA62928059200F0FC27 /* Artwork.swift in Sources */,
				E95AB21829663BB500AEC268 /* Image-centerCropped.swift in Sources */,
				E91F682F28867FE7005985BF /* WAVApp.swift in Sources */,
				E961C5C429253F4C0091FB0B /* ArtworkPlaceholder.swift in Sources */,
			);
			runOnlyForDeploymentPostprocessing = 0;
		};
/* End PBXSourcesBuildPhase section */

/* Begin XCBuildConfiguration section */
		E91F683728867FEC005985BF /* Debug */ = {
			isa = XCBuildConfiguration;
			buildSettings = {
				ALWAYS_SEARCH_USER_PATHS = NO;
				CLANG_ANALYZER_NONNULL = YES;
				CLANG_ANALYZER_NUMBER_OBJECT_CONVERSION = YES_AGGRESSIVE;
				CLANG_CXX_LANGUAGE_STANDARD = "gnu++17";
				CLANG_ENABLE_MODULES = YES;
				CLANG_ENABLE_OBJC_ARC = YES;
				CLANG_ENABLE_OBJC_WEAK = YES;
				CLANG_WARN_BLOCK_CAPTURE_AUTORELEASING = YES;
				CLANG_WARN_BOOL_CONVERSION = YES;
				CLANG_WARN_COMMA = YES;
				CLANG_WARN_CONSTANT_CONVERSION = YES;
				CLANG_WARN_DEPRECATED_OBJC_IMPLEMENTATIONS = YES;
				CLANG_WARN_DIRECT_OBJC_ISA_USAGE = YES_ERROR;
				CLANG_WARN_DOCUMENTATION_COMMENTS = YES;
				CLANG_WARN_EMPTY_BODY = YES;
				CLANG_WARN_ENUM_CONVERSION = YES;
				CLANG_WARN_INFINITE_RECURSION = YES;
				CLANG_WARN_INT_CONVERSION = YES;
				CLANG_WARN_NON_LITERAL_NULL_CONVERSION = YES;
				CLANG_WARN_OBJC_IMPLICIT_RETAIN_SELF = YES;
				CLANG_WARN_OBJC_LITERAL_CONVERSION = YES;
				CLANG_WARN_OBJC_ROOT_CLASS = YES_ERROR;
				CLANG_WARN_QUOTED_INCLUDE_IN_FRAMEWORK_HEADER = YES;
				CLANG_WARN_RANGE_LOOP_ANALYSIS = YES;
				CLANG_WARN_STRICT_PROTOTYPES = YES;
				CLANG_WARN_SUSPICIOUS_MOVE = YES;
				CLANG_WARN_UNGUARDED_AVAILABILITY = YES_AGGRESSIVE;
				CLANG_WARN_UNREACHABLE_CODE = YES;
				CLANG_WARN__DUPLICATE_METHOD_MATCH = YES;
				COPY_PHASE_STRIP = NO;
				DEBUG_INFORMATION_FORMAT = dwarf;
				ENABLE_STRICT_OBJC_MSGSEND = YES;
				ENABLE_TESTABILITY = YES;
				GCC_C_LANGUAGE_STANDARD = gnu11;
				GCC_DYNAMIC_NO_PIC = NO;
				GCC_NO_COMMON_BLOCKS = YES;
				GCC_OPTIMIZATION_LEVEL = 0;
				GCC_PREPROCESSOR_DEFINITIONS = (
					"DEBUG=1",
					"$(inherited)",
				);
				GCC_WARN_64_TO_32_BIT_CONVERSION = YES;
				GCC_WARN_ABOUT_RETURN_TYPE = YES_ERROR;
				GCC_WARN_UNDECLARED_SELECTOR = YES;
				GCC_WARN_UNINITIALIZED_AUTOS = YES_AGGRESSIVE;
				GCC_WARN_UNUSED_FUNCTION = YES;
				GCC_WARN_UNUSED_VARIABLE = YES;
				IPHONEOS_DEPLOYMENT_TARGET = 15.5;
				MTL_ENABLE_DEBUG_INFO = INCLUDE_SOURCE;
				MTL_FAST_MATH = YES;
				ONLY_ACTIVE_ARCH = YES;
				SDKROOT = iphoneos;
				SWIFT_ACTIVE_COMPILATION_CONDITIONS = DEBUG;
				SWIFT_OPTIMIZATION_LEVEL = "-Onone";
			};
			name = Debug;
		};
		E91F683828867FEC005985BF /* Release */ = {
			isa = XCBuildConfiguration;
			buildSettings = {
				ALWAYS_SEARCH_USER_PATHS = NO;
				CLANG_ANALYZER_NONNULL = YES;
				CLANG_ANALYZER_NUMBER_OBJECT_CONVERSION = YES_AGGRESSIVE;
				CLANG_CXX_LANGUAGE_STANDARD = "gnu++17";
				CLANG_ENABLE_MODULES = YES;
				CLANG_ENABLE_OBJC_ARC = YES;
				CLANG_ENABLE_OBJC_WEAK = YES;
				CLANG_WARN_BLOCK_CAPTURE_AUTORELEASING = YES;
				CLANG_WARN_BOOL_CONVERSION = YES;
				CLANG_WARN_COMMA = YES;
				CLANG_WARN_CONSTANT_CONVERSION = YES;
				CLANG_WARN_DEPRECATED_OBJC_IMPLEMENTATIONS = YES;
				CLANG_WARN_DIRECT_OBJC_ISA_USAGE = YES_ERROR;
				CLANG_WARN_DOCUMENTATION_COMMENTS = YES;
				CLANG_WARN_EMPTY_BODY = YES;
				CLANG_WARN_ENUM_CONVERSION = YES;
				CLANG_WARN_INFINITE_RECURSION = YES;
				CLANG_WARN_INT_CONVERSION = YES;
				CLANG_WARN_NON_LITERAL_NULL_CONVERSION = YES;
				CLANG_WARN_OBJC_IMPLICIT_RETAIN_SELF = YES;
				CLANG_WARN_OBJC_LITERAL_CONVERSION = YES;
				CLANG_WARN_OBJC_ROOT_CLASS = YES_ERROR;
				CLANG_WARN_QUOTED_INCLUDE_IN_FRAMEWORK_HEADER = YES;
				CLANG_WARN_RANGE_LOOP_ANALYSIS = YES;
				CLANG_WARN_STRICT_PROTOTYPES = YES;
				CLANG_WARN_SUSPICIOUS_MOVE = YES;
				CLANG_WARN_UNGUARDED_AVAILABILITY = YES_AGGRESSIVE;
				CLANG_WARN_UNREACHABLE_CODE = YES;
				CLANG_WARN__DUPLICATE_METHOD_MATCH = YES;
				COPY_PHASE_STRIP = NO;
				DEBUG_INFORMATION_FORMAT = "dwarf-with-dsym";
				ENABLE_NS_ASSERTIONS = NO;
				ENABLE_STRICT_OBJC_MSGSEND = YES;
				GCC_C_LANGUAGE_STANDARD = gnu11;
				GCC_NO_COMMON_BLOCKS = YES;
				GCC_WARN_64_TO_32_BIT_CONVERSION = YES;
				GCC_WARN_ABOUT_RETURN_TYPE = YES_ERROR;
				GCC_WARN_UNDECLARED_SELECTOR = YES;
				GCC_WARN_UNINITIALIZED_AUTOS = YES_AGGRESSIVE;
				GCC_WARN_UNUSED_FUNCTION = YES;
				GCC_WARN_UNUSED_VARIABLE = YES;
				IPHONEOS_DEPLOYMENT_TARGET = 15.5;
				MTL_ENABLE_DEBUG_INFO = NO;
				MTL_FAST_MATH = YES;
				SDKROOT = iphoneos;
				SWIFT_COMPILATION_MODE = wholemodule;
				SWIFT_OPTIMIZATION_LEVEL = "-O";
				VALIDATE_PRODUCT = YES;
			};
			name = Release;
		};
		E91F683A28867FEC005985BF /* Debug */ = {
			isa = XCBuildConfiguration;
			buildSettings = {
				ASSETCATALOG_COMPILER_APPICON_NAME = AppIcon;
				ASSETCATALOG_COMPILER_GLOBAL_ACCENT_COLOR_NAME = AccentColor;
				CODE_SIGN_STYLE = Automatic;
				CURRENT_PROJECT_VERSION = 1;
				DEVELOPMENT_ASSET_PATHS = "\"WAV/Preview Content\"";
				DEVELOPMENT_TEAM = ZK76SGK8FA;
				ENABLE_PREVIEWS = YES;
				GENERATE_INFOPLIST_FILE = YES;
				INFOPLIST_FILE = WAV/Info.plist;
				INFOPLIST_KEY_CFBundleDisplayName = "We Are Various";
				INFOPLIST_KEY_LSApplicationCategoryType = "public.app-category.music";
				INFOPLIST_KEY_UIApplicationSupportsIndirectInputEvents = YES;
				INFOPLIST_KEY_UILaunchScreen_Generation = YES;
				INFOPLIST_KEY_UISupportedInterfaceOrientations = UIInterfaceOrientationPortrait;
				INFOPLIST_KEY_UISupportedInterfaceOrientations_iPad = "UIInterfaceOrientationLandscapeLeft UIInterfaceOrientationLandscapeRight UIInterfaceOrientationPortrait UIInterfaceOrientationPortraitUpsideDown";
				LD_RUNPATH_SEARCH_PATHS = (
					"$(inherited)",
					"@executable_path/Frameworks",
				);
				MARKETING_VERSION = 1.0;
				PRODUCT_BUNDLE_IDENTIFIER = design.td540.WeAreVarious;
				PRODUCT_NAME = "$(TARGET_NAME)";
				SWIFT_EMIT_LOC_STRINGS = YES;
				SWIFT_VERSION = 5.0;
				TARGETED_DEVICE_FAMILY = 1;
			};
			name = Debug;
		};
		E91F683B28867FEC005985BF /* Release */ = {
			isa = XCBuildConfiguration;
			buildSettings = {
				ASSETCATALOG_COMPILER_APPICON_NAME = AppIcon;
				ASSETCATALOG_COMPILER_GLOBAL_ACCENT_COLOR_NAME = AccentColor;
				CODE_SIGN_STYLE = Automatic;
				CURRENT_PROJECT_VERSION = 1;
				DEVELOPMENT_ASSET_PATHS = "\"WAV/Preview Content\"";
				DEVELOPMENT_TEAM = ZK76SGK8FA;
				ENABLE_PREVIEWS = YES;
				GENERATE_INFOPLIST_FILE = YES;
				INFOPLIST_FILE = WAV/Info.plist;
				INFOPLIST_KEY_CFBundleDisplayName = "We Are Various";
				INFOPLIST_KEY_LSApplicationCategoryType = "public.app-category.music";
				INFOPLIST_KEY_UIApplicationSupportsIndirectInputEvents = YES;
				INFOPLIST_KEY_UILaunchScreen_Generation = YES;
				INFOPLIST_KEY_UISupportedInterfaceOrientations = UIInterfaceOrientationPortrait;
				INFOPLIST_KEY_UISupportedInterfaceOrientations_iPad = "UIInterfaceOrientationLandscapeLeft UIInterfaceOrientationLandscapeRight UIInterfaceOrientationPortrait UIInterfaceOrientationPortraitUpsideDown";
				LD_RUNPATH_SEARCH_PATHS = (
					"$(inherited)",
					"@executable_path/Frameworks",
				);
				MARKETING_VERSION = 1.0;
				PRODUCT_BUNDLE_IDENTIFIER = design.td540.WeAreVarious;
				PRODUCT_NAME = "$(TARGET_NAME)";
				SWIFT_EMIT_LOC_STRINGS = YES;
				SWIFT_VERSION = 5.0;
				TARGETED_DEVICE_FAMILY = 1;
			};
			name = Release;
		};
/* End XCBuildConfiguration section */

/* Begin XCConfigurationList section */
		E91F682628867FE7005985BF /* Build configuration list for PBXProject "WAV" */ = {
			isa = XCConfigurationList;
			buildConfigurations = (
				E91F683728867FEC005985BF /* Debug */,
				E91F683828867FEC005985BF /* Release */,
			);
			defaultConfigurationIsVisible = 0;
			defaultConfigurationName = Release;
		};
		E91F683928867FEC005985BF /* Build configuration list for PBXNativeTarget "WAV" */ = {
			isa = XCConfigurationList;
			buildConfigurations = (
				E91F683A28867FEC005985BF /* Debug */,
				E91F683B28867FEC005985BF /* Release */,
			);
			defaultConfigurationIsVisible = 0;
			defaultConfigurationName = Release;
		};
/* End XCConfigurationList section */

/* Begin XCRemoteSwiftPackageReference section */
		E904E42C2928EC6200DEE8B9 /* XCRemoteSwiftPackageReference "SwiftUI-WebView" */ = {
			isa = XCRemoteSwiftPackageReference;
			repositoryURL = "https://github.com/kylehickinson/SwiftUI-WebView";
			requirement = {
				kind = upToNextMajorVersion;
				minimumVersion = 0.3.0;
			};
		};
		E9D77352292AB3D800C816C3 /* XCRemoteSwiftPackageReference "MarqueeText" */ = {
			isa = XCRemoteSwiftPackageReference;
			repositoryURL = "https://github.com/joekndy/MarqueeText";
			requirement = {
				branch = master;
				kind = branch;
			};
		};
/* End XCRemoteSwiftPackageReference section */

/* Begin XCSwiftPackageProductDependency section */
		E904E42D2928EC6200DEE8B9 /* WebView */ = {
			isa = XCSwiftPackageProductDependency;
			package = E904E42C2928EC6200DEE8B9 /* XCRemoteSwiftPackageReference "SwiftUI-WebView" */;
			productName = WebView;
		};
		E9D77353292AB3D800C816C3 /* MarqueeText */ = {
			isa = XCSwiftPackageProductDependency;
			package = E9D77352292AB3D800C816C3 /* XCRemoteSwiftPackageReference "MarqueeText" */;
			productName = MarqueeText;
		};
/* End XCSwiftPackageProductDependency section */
	};
	rootObject = E91F682328867FE7005985BF /* Project object */;
}
