// !$*UTF8*$!
{
	archiveVersion = 1;
	classes = {
	};
	objectVersion = 55;
	objects = {

/* Begin PBXBuildFile section */
		E904E42E2928EC6200DEE8B9 /* WebView in Frameworks */ = {isa = PBXBuildFile; productRef = E904E42D2928EC6200DEE8B9 /* WebView */; };
		E904E42F2928ED2300DEE8B9 /* RotatingButtonStyle.swift in Sources */ = {isa = PBXBuildFile; fileRef = E93473B62928E95E00E2016C /* RotatingButtonStyle.swift */; };
		E904E4302928ED2300DEE8B9 /* WebPlayerViewModel.swift in Sources */ = {isa = PBXBuildFile; fileRef = E93473B72928E95E00E2016C /* WebPlayerViewModel.swift */; };
		E904E4312928ED2300DEE8B9 /* RecordBoxView.swift in Sources */ = {isa = PBXBuildFile; fileRef = E93473B42928E95E00E2016C /* RecordBoxView.swift */; };
		E904E4322928ED2300DEE8B9 /* DataController.swift in Sources */ = {isa = PBXBuildFile; fileRef = E93473B82928E95E00E2016C /* DataController.swift */; };
		E904E4332928ED2300DEE8B9 /* RecordBoxViewModel.swift in Sources */ = {isa = PBXBuildFile; fileRef = E93473BA2928E95E00E2016C /* RecordBoxViewModel.swift */; };
		E904E4342928ED2300DEE8B9 /* WebPlayerView.swift in Sources */ = {isa = PBXBuildFile; fileRef = E93473B32928E95E00E2016C /* WebPlayerView.swift */; };
		E904E4352928ED2300DEE8B9 /* userScript.js in Resources */ = {isa = PBXBuildFile; fileRef = E93473B12928E95E00E2016C /* userScript.js */; };
		E904E4362928ED2300DEE8B9 /* ArchiveView.swift in Sources */ = {isa = PBXBuildFile; fileRef = E93473B52928E95E00E2016C /* ArchiveView.swift */; };
		E904E4372928ED2300DEE8B9 /* BlurView.swift in Sources */ = {isa = PBXBuildFile; fileRef = E93473B22928E95E00E2016C /* BlurView.swift */; };
		E904E4382928ED2300DEE8B9 /* RecordView.swift in Sources */ = {isa = PBXBuildFile; fileRef = E93473B92928E95E00E2016C /* RecordView.swift */; };
		E91F682F28867FE7005985BF /* WAVApp.swift in Sources */ = {isa = PBXBuildFile; fileRef = E91F682E28867FE7005985BF /* WAVApp.swift */; };
		E91F683128867FE7005985BF /* ContentView.swift in Sources */ = {isa = PBXBuildFile; fileRef = E91F683028867FE7005985BF /* ContentView.swift */; };
		E91F683328867FEC005985BF /* Assets.xcassets in Resources */ = {isa = PBXBuildFile; fileRef = E91F683228867FEC005985BF /* Assets.xcassets */; };
		E91F683628867FEC005985BF /* Preview Assets.xcassets in Resources */ = {isa = PBXBuildFile; fileRef = E91F683528867FEC005985BF /* Preview Assets.xcassets */; };
		E958BACA28F17E4300D37B13 /* Schedule.swift in Sources */ = {isa = PBXBuildFile; fileRef = E958BAC928F17E4300D37B13 /* Schedule.swift */; };
		E961C5BB292520D00091FB0B /* MarqueeText.swift in Sources */ = {isa = PBXBuildFile; fileRef = E961C5BA292520D00091FB0B /* MarqueeText.swift */; };
		E961C5BF292520EF0091FB0B /* MarqueeText-SwiftUI+Extension.swift in Sources */ = {isa = PBXBuildFile; fileRef = E961C5BE292520EF0091FB0B /* MarqueeText-SwiftUI+Extension.swift */; };
		E961C5C429253F4C0091FB0B /* ArtworkPlaceholder.swift in Sources */ = {isa = PBXBuildFile; fileRef = E961C5C329253F4C0091FB0B /* ArtworkPlaceholder.swift */; };
		E961C5C629253FA80091FB0B /* RadioViewHeader.swift in Sources */ = {isa = PBXBuildFile; fileRef = E961C5C529253FA80091FB0B /* RadioViewHeader.swift */; };
		E966D6C6288AF89900337C47 /* RadioView.swift in Sources */ = {isa = PBXBuildFile; fileRef = E966D6C5288AF89900337C47 /* RadioView.swift */; };
		E970B3F828F3708000A7305E /* ParallaxMotionModifier.swift in Sources */ = {isa = PBXBuildFile; fileRef = E970B3F728F3708000A7305E /* ParallaxMotionModifier.swift */; };
		E98887A628942A70002E0349 /* pixelmix.ttf in Resources */ = {isa = PBXBuildFile; fileRef = E98887A428942A6D002E0349 /* pixelmix.ttf */; };
		E98887AA28942A8D002E0349 /* license.txt in Resources */ = {isa = PBXBuildFile; fileRef = E98887A928942A8D002E0349 /* license.txt */; };
		E98887AC28942A91002E0349 /* readme.txt in Resources */ = {isa = PBXBuildFile; fileRef = E98887AB28942A91002E0349 /* readme.txt */; };
		E995B16929280CB5001EB77B /* UnderConstruction.swift in Sources */ = {isa = PBXBuildFile; fileRef = E995B16829280CB5001EB77B /* UnderConstruction.swift */; };
		E9A413652896CFCE00BF9D98 /* Radio.swift in Sources */ = {isa = PBXBuildFile; fileRef = E9A413642896CFCE00BF9D98 /* Radio.swift */; };
		E9C88D2028AD74EB00C62DC2 /* PixelButton.swift in Sources */ = {isa = PBXBuildFile; fileRef = E9C88D1F28AD74D500C62DC2 /* PixelButton.swift */; };
		E9F17FA32927894A00F0FC27 /* SafeAreaInsets.swift in Sources */ = {isa = PBXBuildFile; fileRef = E9F17FA12927894A00F0FC27 /* SafeAreaInsets.swift */; };
		E9F17FA42927894A00F0FC27 /* Color.swift in Sources */ = {isa = PBXBuildFile; fileRef = E9F17FA22927894A00F0FC27 /* Color.swift */; };
		E9F17FA62928059200F0FC27 /* Artwork.swift in Sources */ = {isa = PBXBuildFile; fileRef = E9F17FA52928059200F0FC27 /* Artwork.swift */; };
		E9FC53C0290084A600814244 /* MicroDOM.swift in Sources */ = {isa = PBXBuildFile; fileRef = E9FC53BF290084A600814244 /* MicroDOM.swift */; };
/* End PBXBuildFile section */

/* Begin PBXFileReference section */
		E90ED1C3289B06830009EC65 /* status-json.sample.20220803.xsl.json */ = {isa = PBXFileReference; lastKnownFileType = text.json; path = "status-json.sample.20220803.xsl.json"; sourceTree = "<group>"; };
		E91CCD7B289E7D6500F2E3C6 /* status-json.sample.20220806.xsl.json */ = {isa = PBXFileReference; lastKnownFileType = text.json; path = "status-json.sample.20220806.xsl.json"; sourceTree = "<group>"; };
		E91CCD7C289E7FA700F2E3C6 /* stream.xml */ = {isa = PBXFileReference; lastKnownFileType = text.xml; path = stream.xml; sourceTree = "<group>"; };
		E91F682B28867FE7005985BF /* WAV.app */ = {isa = PBXFileReference; explicitFileType = wrapper.application; includeInIndex = 0; path = WAV.app; sourceTree = BUILT_PRODUCTS_DIR; };
		E91F682E28867FE7005985BF /* WAVApp.swift */ = {isa = PBXFileReference; lastKnownFileType = sourcecode.swift; path = WAVApp.swift; sourceTree = "<group>"; };
		E91F683028867FE7005985BF /* ContentView.swift */ = {isa = PBXFileReference; lastKnownFileType = sourcecode.swift; path = ContentView.swift; sourceTree = "<group>"; };
		E91F683228867FEC005985BF /* Assets.xcassets */ = {isa = PBXFileReference; lastKnownFileType = folder.assetcatalog; path = Assets.xcassets; sourceTree = "<group>"; };
		E91F683528867FEC005985BF /* Preview Assets.xcassets */ = {isa = PBXFileReference; lastKnownFileType = folder.assetcatalog; path = "Preview Assets.xcassets"; sourceTree = "<group>"; };
		E93473B12928E95E00E2016C /* userScript.js */ = {isa = PBXFileReference; fileEncoding = 4; lastKnownFileType = sourcecode.javascript; path = userScript.js; sourceTree = "<group>"; };
		E93473B22928E95E00E2016C /* BlurView.swift */ = {isa = PBXFileReference; fileEncoding = 4; lastKnownFileType = sourcecode.swift; path = BlurView.swift; sourceTree = "<group>"; };
		E93473B32928E95E00E2016C /* WebPlayerView.swift */ = {isa = PBXFileReference; fileEncoding = 4; lastKnownFileType = sourcecode.swift; path = WebPlayerView.swift; sourceTree = "<group>"; };
		E93473B42928E95E00E2016C /* RecordBoxView.swift */ = {isa = PBXFileReference; fileEncoding = 4; lastKnownFileType = sourcecode.swift; path = RecordBoxView.swift; sourceTree = "<group>"; };
		E93473B52928E95E00E2016C /* ArchiveView.swift */ = {isa = PBXFileReference; fileEncoding = 4; lastKnownFileType = sourcecode.swift; path = ArchiveView.swift; sourceTree = "<group>"; };
		E93473B62928E95E00E2016C /* RotatingButtonStyle.swift */ = {isa = PBXFileReference; fileEncoding = 4; lastKnownFileType = sourcecode.swift; path = RotatingButtonStyle.swift; sourceTree = "<group>"; };
		E93473B72928E95E00E2016C /* WebPlayerViewModel.swift */ = {isa = PBXFileReference; fileEncoding = 4; lastKnownFileType = sourcecode.swift; path = WebPlayerViewModel.swift; sourceTree = "<group>"; };
		E93473B82928E95E00E2016C /* DataController.swift */ = {isa = PBXFileReference; fileEncoding = 4; lastKnownFileType = sourcecode.swift; path = DataController.swift; sourceTree = "<group>"; };
		E93473B92928E95E00E2016C /* RecordView.swift */ = {isa = PBXFileReference; fileEncoding = 4; lastKnownFileType = sourcecode.swift; path = RecordView.swift; sourceTree = "<group>"; };
		E93473BA2928E95E00E2016C /* RecordBoxViewModel.swift */ = {isa = PBXFileReference; fileEncoding = 4; lastKnownFileType = sourcecode.swift; path = RecordBoxViewModel.swift; sourceTree = "<group>"; };
		E958BAC928F17E4300D37B13 /* Schedule.swift */ = {isa = PBXFileReference; lastKnownFileType = sourcecode.swift; path = Schedule.swift; sourceTree = "<group>"; };
		E961C5BA292520D00091FB0B /* MarqueeText.swift */ = {isa = PBXFileReference; lastKnownFileType = sourcecode.swift; path = MarqueeText.swift; sourceTree = "<group>"; };
		E961C5BE292520EF0091FB0B /* MarqueeText-SwiftUI+Extension.swift */ = {isa = PBXFileReference; fileEncoding = 4; lastKnownFileType = sourcecode.swift; path = "MarqueeText-SwiftUI+Extension.swift"; sourceTree = "<group>"; };
		E961C5C329253F4C0091FB0B /* ArtworkPlaceholder.swift */ = {isa = PBXFileReference; lastKnownFileType = sourcecode.swift; path = ArtworkPlaceholder.swift; sourceTree = "<group>"; };
		E961C5C529253FA80091FB0B /* RadioViewHeader.swift */ = {isa = PBXFileReference; lastKnownFileType = sourcecode.swift; path = RadioViewHeader.swift; sourceTree = "<group>"; };
		E966D6C5288AF89900337C47 /* RadioView.swift */ = {isa = PBXFileReference; lastKnownFileType = sourcecode.swift; path = RadioView.swift; sourceTree = "<group>"; };
		E970B3F728F3708000A7305E /* ParallaxMotionModifier.swift */ = {isa = PBXFileReference; lastKnownFileType = sourcecode.swift; path = ParallaxMotionModifier.swift; sourceTree = "<group>"; };
		E98887A428942A6D002E0349 /* pixelmix.ttf */ = {isa = PBXFileReference; lastKnownFileType = file; path = pixelmix.ttf; sourceTree = "<group>"; };
		E98887A928942A8D002E0349 /* license.txt */ = {isa = PBXFileReference; fileEncoding = 4; lastKnownFileType = text; path = license.txt; sourceTree = "<group>"; };
		E98887AB28942A91002E0349 /* readme.txt */ = {isa = PBXFileReference; fileEncoding = 4; lastKnownFileType = text; path = readme.txt; sourceTree = "<group>"; };
		E98887AD28942DC2002E0349 /* Info.plist */ = {isa = PBXFileReference; lastKnownFileType = text.plist; path = Info.plist; sourceTree = "<group>"; };
		E995B16829280CB5001EB77B /* UnderConstruction.swift */ = {isa = PBXFileReference; lastKnownFileType = sourcecode.swift; path = UnderConstruction.swift; sourceTree = "<group>"; };
		E9A413642896CFCE00BF9D98 /* Radio.swift */ = {isa = PBXFileReference; lastKnownFileType = sourcecode.swift; path = Radio.swift; sourceTree = "<group>"; };
		E9C88D1F28AD74D500C62DC2 /* PixelButton.swift */ = {isa = PBXFileReference; lastKnownFileType = sourcecode.swift; name = PixelButton.swift; path = WAV/PixelButton.swift; sourceTree = SOURCE_ROOT; };
		E9F17FA12927894A00F0FC27 /* SafeAreaInsets.swift */ = {isa = PBXFileReference; fileEncoding = 4; lastKnownFileType = sourcecode.swift; path = SafeAreaInsets.swift; sourceTree = "<group>"; };
		E9F17FA22927894A00F0FC27 /* Color.swift */ = {isa = PBXFileReference; fileEncoding = 4; lastKnownFileType = sourcecode.swift; path = Color.swift; sourceTree = "<group>"; };
		E9F17FA52928059200F0FC27 /* Artwork.swift */ = {isa = PBXFileReference; lastKnownFileType = sourcecode.swift; path = Artwork.swift; sourceTree = "<group>"; };
		E9FC53BF290084A600814244 /* MicroDOM.swift */ = {isa = PBXFileReference; fileEncoding = 4; lastKnownFileType = sourcecode.swift; path = MicroDOM.swift; sourceTree = "<group>"; };
/* End PBXFileReference section */

/* Begin PBXFrameworksBuildPhase section */
		E91F682828867FE7005985BF /* Frameworks */ = {
			isa = PBXFrameworksBuildPhase;
			buildActionMask = 2147483647;
			files = (
				E904E42E2928EC6200DEE8B9 /* WebView in Frameworks */,
			);
			runOnlyForDeploymentPostprocessing = 0;
		};
/* End PBXFrameworksBuildPhase section */

/* Begin PBXGroup section */
		E91F682228867FE7005985BF = {
			isa = PBXGroup;
			children = (
				E91F682D28867FE7005985BF /* WAV */,
				E91F682C28867FE7005985BF /* Products */,
			);
			sourceTree = "<group>";
		};
		E91F682C28867FE7005985BF /* Products */ = {
			isa = PBXGroup;
			children = (
				E91F682B28867FE7005985BF /* WAV.app */,
			);
			name = Products;
			sourceTree = "<group>";
		};
		E91F682D28867FE7005985BF /* WAV */ = {
			isa = PBXGroup;
			children = (
				E98887AD28942DC2002E0349 /* Info.plist */,
				E91F683228867FEC005985BF /* Assets.xcassets */,
				E91F682E28867FE7005985BF /* WAVApp.swift */,
				E91F683028867FE7005985BF /* ContentView.swift */,
				E995B16729280CA9001EB77B /* Temp */,
				E9F17F9E292788D400F0FC27 /* Extensions */,
				E9B229A8289C65A000AC55CF /* Radio */,
				E934739C2928CBB000E2016C /* Archive */,
				E961C5C72925EF790091FB0B /* Schedule */,
				E98887A828942A78002E0349 /* Fonts */,
				E91F683428867FEC005985BF /* Preview Content */,
			);
			path = WAV;
			sourceTree = "<group>";
		};
		E91F683428867FEC005985BF /* Preview Content */ = {
			isa = PBXGroup;
			children = (
				E90ED1C3289B06830009EC65 /* status-json.sample.20220803.xsl.json */,
				E91CCD7B289E7D6500F2E3C6 /* status-json.sample.20220806.xsl.json */,
				E91CCD7C289E7FA700F2E3C6 /* stream.xml */,
				E91F683528867FEC005985BF /* Preview Assets.xcassets */,
			);
			path = "Preview Content";
			sourceTree = "<group>";
		};
		E934739C2928CBB000E2016C /* Archive */ = {
			isa = PBXGroup;
			children = (
				E93473B52928E95E00E2016C /* ArchiveView.swift */,
				E93473B22928E95E00E2016C /* BlurView.swift */,
				E93473B82928E95E00E2016C /* DataController.swift */,
				E93473B42928E95E00E2016C /* RecordBoxView.swift */,
				E93473BA2928E95E00E2016C /* RecordBoxViewModel.swift */,
				E93473B92928E95E00E2016C /* RecordView.swift */,
				E93473B62928E95E00E2016C /* RotatingButtonStyle.swift */,
				E93473B12928E95E00E2016C /* userScript.js */,
				E93473B32928E95E00E2016C /* WebPlayerView.swift */,
				E93473B72928E95E00E2016C /* WebPlayerViewModel.swift */,
			);
			path = Archive;
			sourceTree = "<group>";
		};
		E961C5C72925EF790091FB0B /* Schedule */ = {
			isa = PBXGroup;
			children = (
				E958BAC928F17E4300D37B13 /* Schedule.swift */,
			);
			path = Schedule;
			sourceTree = "<group>";
		};
		E98887A828942A78002E0349 /* Fonts */ = {
			isa = PBXGroup;
			children = (
				E98887A928942A8D002E0349 /* license.txt */,
				E98887AB28942A91002E0349 /* readme.txt */,
				E98887A428942A6D002E0349 /* pixelmix.ttf */,
			);
			path = Fonts;
			sourceTree = "<group>";
		};
		E995B16729280CA9001EB77B /* Temp */ = {
			isa = PBXGroup;
			children = (
				E995B16829280CB5001EB77B /* UnderConstruction.swift */,
			);
			path = Temp;
			sourceTree = "<group>";
		};
		E9B229A8289C65A000AC55CF /* Radio */ = {
			isa = PBXGroup;
			children = (
				E9A413642896CFCE00BF9D98 /* Radio.swift */,
				E966D6C5288AF89900337C47 /* RadioView.swift */,
				E961C5BE292520EF0091FB0B /* MarqueeText-SwiftUI+Extension.swift */,
				E961C5BA292520D00091FB0B /* MarqueeText.swift */,
				E961C5C529253FA80091FB0B /* RadioViewHeader.swift */,
				E9F17FA52928059200F0FC27 /* Artwork.swift */,
				E961C5C329253F4C0091FB0B /* ArtworkPlaceholder.swift */,
				E9FC53BF290084A600814244 /* MicroDOM.swift */,
				E9C88D1F28AD74D500C62DC2 /* PixelButton.swift */,
				E970B3F728F3708000A7305E /* ParallaxMotionModifier.swift */,
			);
			path = Radio;
			sourceTree = "<group>";
		};
		E9F17F9E292788D400F0FC27 /* Extensions */ = {
			isa = PBXGroup;
			children = (
				E9F17FA22927894A00F0FC27 /* Color.swift */,
				E9F17FA12927894A00F0FC27 /* SafeAreaInsets.swift */,
			);
			path = Extensions;
			sourceTree = "<group>";
		};
/* End PBXGroup section */

/* Begin PBXNativeTarget section */
		E91F682A28867FE7005985BF /* WAV */ = {
			isa = PBXNativeTarget;
			buildConfigurationList = E91F683928867FEC005985BF /* Build configuration list for PBXNativeTarget "WAV" */;
			buildPhases = (
				E91F682728867FE7005985BF /* Sources */,
				E91F682828867FE7005985BF /* Frameworks */,
				E91F682928867FE7005985BF /* Resources */,
			);
			buildRules = (
			);
			dependencies = (
			);
			name = WAV;
			packageProductDependencies = (
				E904E42D2928EC6200DEE8B9 /* WebView */,
			);
			productName = WAV;
			productReference = E91F682B28867FE7005985BF /* WAV.app */;
			productType = "com.apple.product-type.application";
		};
/* End PBXNativeTarget section */

/* Begin PBXProject section */
		E91F682328867FE7005985BF /* Project object */ = {
			isa = PBXProject;
			attributes = {
				BuildIndependentTargetsInParallel = 1;
				LastSwiftUpdateCheck = 1340;
				LastUpgradeCheck = 1340;
				TargetAttributes = {
					E91F682A28867FE7005985BF = {
						CreatedOnToolsVersion = 13.4.1;
					};
				};
			};
			buildConfigurationList = E91F682628867FE7005985BF /* Build configuration list for PBXProject "WAV" */;
			compatibilityVersion = "Xcode 13.0";
			developmentRegion = en;
			hasScannedForEncodings = 0;
			knownRegions = (
				en,
				Base,
			);
			mainGroup = E91F682228867FE7005985BF;
			packageReferences = (
				E904E42C2928EC6200DEE8B9 /* XCRemoteSwiftPackageReference "SwiftUI-WebView" */,
			);
			productRefGroup = E91F682C28867FE7005985BF /* Products */;
			projectDirPath = "";
			projectRoot = "";
			targets = (
				E91F682A28867FE7005985BF /* WAV */,
			);
		};
/* End PBXProject section */

/* Begin PBXResourcesBuildPhase section */
		E91F682928867FE7005985BF /* Resources */ = {
			isa = PBXResourcesBuildPhase;
			buildActionMask = 2147483647;
			files = (
				E904E4352928ED2300DEE8B9 /* userScript.js in Resources */,
				E98887AC28942A91002E0349 /* readme.txt in Resources */,
				E91F683628867FEC005985BF /* Preview Assets.xcassets in Resources */,
				E98887AA28942A8D002E0349 /* license.txt in Resources */,
				E91F683328867FEC005985BF /* Assets.xcassets in Resources */,
				E98887A628942A70002E0349 /* pixelmix.ttf in Resources */,
			);
			runOnlyForDeploymentPostprocessing = 0;
		};
/* End PBXResourcesBuildPhase section */

/* Begin PBXSourcesBuildPhase section */
		E91F682728867FE7005985BF /* Sources */ = {
			isa = PBXSourcesBuildPhase;
			buildActionMask = 2147483647;
			files = (
				E9FC53C0290084A600814244 /* MicroDOM.swift in Sources */,
				E904E4312928ED2300DEE8B9 /* RecordBoxView.swift in Sources */,
				E91F683128867FE7005985BF /* ContentView.swift in Sources */,
				E904E4362928ED2300DEE8B9 /* ArchiveView.swift in Sources */,
				E904E4332928ED2300DEE8B9 /* RecordBoxViewModel.swift in Sources */,
				E904E4342928ED2300DEE8B9 /* WebPlayerView.swift in Sources */,
				E9A413652896CFCE00BF9D98 /* Radio.swift in Sources */,
				E9C88D2028AD74EB00C62DC2 /* PixelButton.swift in Sources */,
				E904E4322928ED2300DEE8B9 /* DataController.swift in Sources */,
				E966D6C6288AF89900337C47 /* RadioView.swift in Sources */,
				E995B16929280CB5001EB77B /* UnderConstruction.swift in Sources */,
				E958BACA28F17E4300D37B13 /* Schedule.swift in Sources */,
				E904E42F2928ED2300DEE8B9 /* RotatingButtonStyle.swift in Sources */,
				E961C5BB292520D00091FB0B /* MarqueeText.swift in Sources */,
				E961C5C629253FA80091FB0B /* RadioViewHeader.swift in Sources */,
				E961C5BF292520EF0091FB0B /* MarqueeText-SwiftUI+Extension.swift in Sources */,
				E9F17FA42927894A00F0FC27 /* Color.swift in Sources */,
				E904E4372928ED2300DEE8B9 /* BlurView.swift in Sources */,
				E904E4302928ED2300DEE8B9 /* WebPlayerViewModel.swift in Sources */,
				E970B3F828F3708000A7305E /* ParallaxMotionModifier.swift in Sources */,
				E9F17FA62928059200F0FC27 /* Artwork.swift in Sources */,
				E91F682F28867FE7005985BF /* WAVApp.swift in Sources */,
				E9F17FA32927894A00F0FC27 /* SafeAreaInsets.swift in Sources */,
				E904E4382928ED2300DEE8B9 /* RecordView.swift in Sources */,
				E961C5C429253F4C0091FB0B /* ArtworkPlaceholder.swift in Sources */,
			);
			runOnlyForDeploymentPostprocessing = 0;
		};
/* End PBXSourcesBuildPhase section */

/* Begin XCBuildConfiguration section */
		E91F683728867FEC005985BF /* Debug */ = {
			isa = XCBuildConfiguration;
			buildSettings = {
				ALWAYS_SEARCH_USER_PATHS = NO;
				CLANG_ANALYZER_NONNULL = YES;
				CLANG_ANALYZER_NUMBER_OBJECT_CONVERSION = YES_AGGRESSIVE;
				CLANG_CXX_LANGUAGE_STANDARD = "gnu++17";
				CLANG_ENABLE_MODULES = YES;
				CLANG_ENABLE_OBJC_ARC = YES;
				CLANG_ENABLE_OBJC_WEAK = YES;
				CLANG_WARN_BLOCK_CAPTURE_AUTORELEASING = YES;
				CLANG_WARN_BOOL_CONVERSION = YES;
				CLANG_WARN_COMMA = YES;
				CLANG_WARN_CONSTANT_CONVERSION = YES;
				CLANG_WARN_DEPRECATED_OBJC_IMPLEMENTATIONS = YES;
				CLANG_WARN_DIRECT_OBJC_ISA_USAGE = YES_ERROR;
				CLANG_WARN_DOCUMENTATION_COMMENTS = YES;
				CLANG_WARN_EMPTY_BODY = YES;
				CLANG_WARN_ENUM_CONVERSION = YES;
				CLANG_WARN_INFINITE_RECURSION = YES;
				CLANG_WARN_INT_CONVERSION = YES;
				CLANG_WARN_NON_LITERAL_NULL_CONVERSION = YES;
				CLANG_WARN_OBJC_IMPLICIT_RETAIN_SELF = YES;
				CLANG_WARN_OBJC_LITERAL_CONVERSION = YES;
				CLANG_WARN_OBJC_ROOT_CLASS = YES_ERROR;
				CLANG_WARN_QUOTED_INCLUDE_IN_FRAMEWORK_HEADER = YES;
				CLANG_WARN_RANGE_LOOP_ANALYSIS = YES;
				CLANG_WARN_STRICT_PROTOTYPES = YES;
				CLANG_WARN_SUSPICIOUS_MOVE = YES;
				CLANG_WARN_UNGUARDED_AVAILABILITY = YES_AGGRESSIVE;
				CLANG_WARN_UNREACHABLE_CODE = YES;
				CLANG_WARN__DUPLICATE_METHOD_MATCH = YES;
				COPY_PHASE_STRIP = NO;
				DEBUG_INFORMATION_FORMAT = dwarf;
				ENABLE_STRICT_OBJC_MSGSEND = YES;
				ENABLE_TESTABILITY = YES;
				GCC_C_LANGUAGE_STANDARD = gnu11;
				GCC_DYNAMIC_NO_PIC = NO;
				GCC_NO_COMMON_BLOCKS = YES;
				GCC_OPTIMIZATION_LEVEL = 0;
				GCC_PREPROCESSOR_DEFINITIONS = (
					"DEBUG=1",
					"$(inherited)",
				);
				GCC_WARN_64_TO_32_BIT_CONVERSION = YES;
				GCC_WARN_ABOUT_RETURN_TYPE = YES_ERROR;
				GCC_WARN_UNDECLARED_SELECTOR = YES;
				GCC_WARN_UNINITIALIZED_AUTOS = YES_AGGRESSIVE;
				GCC_WARN_UNUSED_FUNCTION = YES;
				GCC_WARN_UNUSED_VARIABLE = YES;
				IPHONEOS_DEPLOYMENT_TARGET = 15.5;
				MTL_ENABLE_DEBUG_INFO = INCLUDE_SOURCE;
				MTL_FAST_MATH = YES;
				ONLY_ACTIVE_ARCH = YES;
				SDKROOT = iphoneos;
				SWIFT_ACTIVE_COMPILATION_CONDITIONS = DEBUG;
				SWIFT_OPTIMIZATION_LEVEL = "-Onone";
			};
			name = Debug;
		};
		E91F683828867FEC005985BF /* Release */ = {
			isa = XCBuildConfiguration;
			buildSettings = {
				ALWAYS_SEARCH_USER_PATHS = NO;
				CLANG_ANALYZER_NONNULL = YES;
				CLANG_ANALYZER_NUMBER_OBJECT_CONVERSION = YES_AGGRESSIVE;
				CLANG_CXX_LANGUAGE_STANDARD = "gnu++17";
				CLANG_ENABLE_MODULES = YES;
				CLANG_ENABLE_OBJC_ARC = YES;
				CLANG_ENABLE_OBJC_WEAK = YES;
				CLANG_WARN_BLOCK_CAPTURE_AUTORELEASING = YES;
				CLANG_WARN_BOOL_CONVERSION = YES;
				CLANG_WARN_COMMA = YES;
				CLANG_WARN_CONSTANT_CONVERSION = YES;
				CLANG_WARN_DEPRECATED_OBJC_IMPLEMENTATIONS = YES;
				CLANG_WARN_DIRECT_OBJC_ISA_USAGE = YES_ERROR;
				CLANG_WARN_DOCUMENTATION_COMMENTS = YES;
				CLANG_WARN_EMPTY_BODY = YES;
				CLANG_WARN_ENUM_CONVERSION = YES;
				CLANG_WARN_INFINITE_RECURSION = YES;
				CLANG_WARN_INT_CONVERSION = YES;
				CLANG_WARN_NON_LITERAL_NULL_CONVERSION = YES;
				CLANG_WARN_OBJC_IMPLICIT_RETAIN_SELF = YES;
				CLANG_WARN_OBJC_LITERAL_CONVERSION = YES;
				CLANG_WARN_OBJC_ROOT_CLASS = YES_ERROR;
				CLANG_WARN_QUOTED_INCLUDE_IN_FRAMEWORK_HEADER = YES;
				CLANG_WARN_RANGE_LOOP_ANALYSIS = YES;
				CLANG_WARN_STRICT_PROTOTYPES = YES;
				CLANG_WARN_SUSPICIOUS_MOVE = YES;
				CLANG_WARN_UNGUARDED_AVAILABILITY = YES_AGGRESSIVE;
				CLANG_WARN_UNREACHABLE_CODE = YES;
				CLANG_WARN__DUPLICATE_METHOD_MATCH = YES;
				COPY_PHASE_STRIP = NO;
				DEBUG_INFORMATION_FORMAT = "dwarf-with-dsym";
				ENABLE_NS_ASSERTIONS = NO;
				ENABLE_STRICT_OBJC_MSGSEND = YES;
				GCC_C_LANGUAGE_STANDARD = gnu11;
				GCC_NO_COMMON_BLOCKS = YES;
				GCC_WARN_64_TO_32_BIT_CONVERSION = YES;
				GCC_WARN_ABOUT_RETURN_TYPE = YES_ERROR;
				GCC_WARN_UNDECLARED_SELECTOR = YES;
				GCC_WARN_UNINITIALIZED_AUTOS = YES_AGGRESSIVE;
				GCC_WARN_UNUSED_FUNCTION = YES;
				GCC_WARN_UNUSED_VARIABLE = YES;
				IPHONEOS_DEPLOYMENT_TARGET = 15.5;
				MTL_ENABLE_DEBUG_INFO = NO;
				MTL_FAST_MATH = YES;
				SDKROOT = iphoneos;
				SWIFT_COMPILATION_MODE = wholemodule;
				SWIFT_OPTIMIZATION_LEVEL = "-O";
				VALIDATE_PRODUCT = YES;
			};
			name = Release;
		};
		E91F683A28867FEC005985BF /* Debug */ = {
			isa = XCBuildConfiguration;
			buildSettings = {
				ASSETCATALOG_COMPILER_APPICON_NAME = AppIcon;
				ASSETCATALOG_COMPILER_GLOBAL_ACCENT_COLOR_NAME = AccentColor;
				CODE_SIGN_STYLE = Automatic;
				CURRENT_PROJECT_VERSION = 1;
				DEVELOPMENT_ASSET_PATHS = "\"WAV/Preview Content\"";
				DEVELOPMENT_TEAM = ZK76SGK8FA;
				ENABLE_PREVIEWS = YES;
				GENERATE_INFOPLIST_FILE = YES;
				INFOPLIST_FILE = WAV/Info.plist;
				INFOPLIST_KEY_CFBundleDisplayName = "We Are Various";
				INFOPLIST_KEY_LSApplicationCategoryType = "public.app-category.music";
				INFOPLIST_KEY_UIApplicationSceneManifest_Generation = YES;
				INFOPLIST_KEY_UIApplicationSupportsIndirectInputEvents = YES;
				INFOPLIST_KEY_UILaunchScreen_Generation = YES;
				INFOPLIST_KEY_UISupportedInterfaceOrientations = UIInterfaceOrientationPortrait;
				INFOPLIST_KEY_UISupportedInterfaceOrientations_iPad = "UIInterfaceOrientationLandscapeLeft UIInterfaceOrientationLandscapeRight UIInterfaceOrientationPortrait UIInterfaceOrientationPortraitUpsideDown";
				LD_RUNPATH_SEARCH_PATHS = (
					"$(inherited)",
					"@executable_path/Frameworks",
				);
				MARKETING_VERSION = 1.0;
				PRODUCT_BUNDLE_IDENTIFIER = design.td540.WeAreVarious;
				PRODUCT_NAME = "$(TARGET_NAME)";
				SWIFT_EMIT_LOC_STRINGS = YES;
				SWIFT_VERSION = 5.0;
				TARGETED_DEVICE_FAMILY = 1;
			};
			name = Debug;
		};
		E91F683B28867FEC005985BF /* Release */ = {
			isa = XCBuildConfiguration;
			buildSettings = {
				ASSETCATALOG_COMPILER_APPICON_NAME = AppIcon;
				ASSETCATALOG_COMPILER_GLOBAL_ACCENT_COLOR_NAME = AccentColor;
				CODE_SIGN_STYLE = Automatic;
				CURRENT_PROJECT_VERSION = 1;
				DEVELOPMENT_ASSET_PATHS = "\"WAV/Preview Content\"";
				DEVELOPMENT_TEAM = ZK76SGK8FA;
				ENABLE_PREVIEWS = YES;
				GENERATE_INFOPLIST_FILE = YES;
				INFOPLIST_FILE = WAV/Info.plist;
				INFOPLIST_KEY_CFBundleDisplayName = "We Are Various";
				INFOPLIST_KEY_LSApplicationCategoryType = "public.app-category.music";
				INFOPLIST_KEY_UIApplicationSceneManifest_Generation = YES;
				INFOPLIST_KEY_UIApplicationSupportsIndirectInputEvents = YES;
				INFOPLIST_KEY_UILaunchScreen_Generation = YES;
				INFOPLIST_KEY_UISupportedInterfaceOrientations = UIInterfaceOrientationPortrait;
				INFOPLIST_KEY_UISupportedInterfaceOrientations_iPad = "UIInterfaceOrientationLandscapeLeft UIInterfaceOrientationLandscapeRight UIInterfaceOrientationPortrait UIInterfaceOrientationPortraitUpsideDown";
				LD_RUNPATH_SEARCH_PATHS = (
					"$(inherited)",
					"@executable_path/Frameworks",
				);
				MARKETING_VERSION = 1.0;
				PRODUCT_BUNDLE_IDENTIFIER = design.td540.WeAreVarious;
				PRODUCT_NAME = "$(TARGET_NAME)";
				SWIFT_EMIT_LOC_STRINGS = YES;
				SWIFT_VERSION = 5.0;
				TARGETED_DEVICE_FAMILY = 1;
			};
			name = Release;
		};
/* End XCBuildConfiguration section */

/* Begin XCConfigurationList section */
		E91F682628867FE7005985BF /* Build configuration list for PBXProject "WAV" */ = {
			isa = XCConfigurationList;
			buildConfigurations = (
				E91F683728867FEC005985BF /* Debug */,
				E91F683828867FEC005985BF /* Release */,
			);
			defaultConfigurationIsVisible = 0;
			defaultConfigurationName = Release;
		};
		E91F683928867FEC005985BF /* Build configuration list for PBXNativeTarget "WAV" */ = {
			isa = XCConfigurationList;
			buildConfigurations = (
				E91F683A28867FEC005985BF /* Debug */,
				E91F683B28867FEC005985BF /* Release */,
			);
			defaultConfigurationIsVisible = 0;
			defaultConfigurationName = Release;
		};
/* End XCConfigurationList section */

/* Begin XCRemoteSwiftPackageReference section */
		E904E42C2928EC6200DEE8B9 /* XCRemoteSwiftPackageReference "SwiftUI-WebView" */ = {
			isa = XCRemoteSwiftPackageReference;
			repositoryURL = "https://github.com/kylehickinson/SwiftUI-WebView";
			requirement = {
				kind = upToNextMajorVersion;
				minimumVersion = 0.3.0;
			};
		};
/* End XCRemoteSwiftPackageReference section */

/* Begin XCSwiftPackageProductDependency section */
		E904E42D2928EC6200DEE8B9 /* WebView */ = {
			isa = XCSwiftPackageProductDependency;
			package = E904E42C2928EC6200DEE8B9 /* XCRemoteSwiftPackageReference "SwiftUI-WebView" */;
			productName = WebView;
		};
/* End XCSwiftPackageProductDependency section */
	};
	rootObject = E91F682328867FE7005985BF /* Project object */;
}
