// !$*UTF8*$!
{
	archiveVersion = 1;
	classes = {
	};
	objectVersion = 55;
	objects = {

/* Begin PBXBuildFile section */
		E904E4312928ED2300DEE8B9 /* InfiniteView.swift in Sources */ = {isa = PBXBuildFile; fileRef = E93473B42928E95E00E2016C /* InfiniteView.swift */; };
		E904E4322928ED2300DEE8B9 /* DataController.swift in Sources */ = {isa = PBXBuildFile; fileRef = E93473B82928E95E00E2016C /* DataController.swift */; };
		E904E4342928ED2300DEE8B9 /* ArchivePlayerView.swift in Sources */ = {isa = PBXBuildFile; fileRef = E93473B32928E95E00E2016C /* ArchivePlayerView.swift */; };
		E904E4352928ED2300DEE8B9 /* userScript.js in Resources */ = {isa = PBXBuildFile; fileRef = E93473B12928E95E00E2016C /* userScript.js */; };
		E91F682F28867FE7005985BF /* WAVApp.swift in Sources */ = {isa = PBXBuildFile; fileRef = E91F682E28867FE7005985BF /* WAVApp.swift */; };
		E91F683128867FE7005985BF /* ContentView.swift in Sources */ = {isa = PBXBuildFile; fileRef = E91F683028867FE7005985BF /* ContentView.swift */; };
		E91F683328867FEC005985BF /* Assets.xcassets in Resources */ = {isa = PBXBuildFile; fileRef = E91F683228867FEC005985BF /* Assets.xcassets */; };
		E91F683628867FEC005985BF /* Preview Assets.xcassets in Resources */ = {isa = PBXBuildFile; fileRef = E91F683528867FEC005985BF /* Preview Assets.xcassets */; };
		E93FBB90297746D5006CE29D /* View-readSize.swift in Sources */ = {isa = PBXBuildFile; fileRef = E93FBB8F297746D5006CE29D /* View-readSize.swift */; };
		E93FBB922977D68E006CE29D /* View-borderEdges.swift in Sources */ = {isa = PBXBuildFile; fileRef = E93FBB912977D68E006CE29D /* View-borderEdges.swift */; };
		E94B597A29AD4FEB0009F11B /* TypeWriterView.swift in Sources */ = {isa = PBXBuildFile; fileRef = E94B597929AD4FEB0009F11B /* TypeWriterView.swift */; };
		E94DDAF92B1A220300FCE47B /* Marquee.swift in Sources */ = {isa = PBXBuildFile; fileRef = E94DDAF82B1A220300FCE47B /* Marquee.swift */; };
		E958BACA28F17E4300D37B13 /* Schedule.swift in Sources */ = {isa = PBXBuildFile; fileRef = E958BAC928F17E4300D37B13 /* Schedule.swift */; };
		E95AB21829663BB500AEC268 /* Image-centerCropped.swift in Sources */ = {isa = PBXBuildFile; fileRef = E95AB21729663BB500AEC268 /* Image-centerCropped.swift */; };
		E9607C5D29BBEEC90010490B /* Player.swift in Sources */ = {isa = PBXBuildFile; fileRef = E9607C5C29BBEEC80010490B /* Player.swift */; };
		E9607C5F29BC0B000010490B /* Archive.swift in Sources */ = {isa = PBXBuildFile; fileRef = E9607C5E29BC0B000010490B /* Archive.swift */; };
		E9607C6129BC130C0010490B /* WAVShowTags.swift in Sources */ = {isa = PBXBuildFile; fileRef = E9607C6029BC130C0010490B /* WAVShowTags.swift */; };
		E9607C6329BC13180010490B /* WAVShowCategories.swift in Sources */ = {isa = PBXBuildFile; fileRef = E9607C6229BC13180010490B /* WAVShowCategories.swift */; };
		E9607C6929BC70A10010490B /* Binding-readOnly.swift in Sources */ = {isa = PBXBuildFile; fileRef = E9607C6829BC70A10010490B /* Binding-readOnly.swift */; };
		E961C5C429253F4C0091FB0B /* ArtworkPlaceholder.swift in Sources */ = {isa = PBXBuildFile; fileRef = E961C5C329253F4C0091FB0B /* ArtworkPlaceholder.swift */; };
		E964817029BE361200F6A7CF /* WAVGlobe.swift in Sources */ = {isa = PBXBuildFile; fileRef = E9337D93297C423F00EDDA43 /* WAVGlobe.swift */; };
		E966D6C6288AF89900337C47 /* Radio.swift in Sources */ = {isa = PBXBuildFile; fileRef = E966D6C5288AF89900337C47 /* Radio.swift */; };
		E9702CA4295B4BD3007471A4 /* BlackTitle.swift in Sources */ = {isa = PBXBuildFile; fileRef = E9702CA3295B4BD3007471A4 /* BlackTitle.swift */; };
		E9718AAF2974CDFA008132B8 /* CustomTabBar.swift in Sources */ = {isa = PBXBuildFile; fileRef = E9718AAE2974CDFA008132B8 /* CustomTabBar.swift */; };
		E973428C29AB7A5E003ADDC1 /* View-onValueChanged.swift in Sources */ = {isa = PBXBuildFile; fileRef = E973428B29AB7A5E003ADDC1 /* View-onValueChanged.swift */; };
		E97D51BB295A2A3900DB9380 /* String-condenseWhitespace.swift in Sources */ = {isa = PBXBuildFile; fileRef = E97D51BA295A2A3900DB9380 /* String-condenseWhitespace.swift */; };
		E97F4B1229BCCDEE00A0D5D2 /* View-fadeIn.swift in Sources */ = {isa = PBXBuildFile; fileRef = E97F4B1129BCCDEE00A0D5D2 /* View-fadeIn.swift */; };
		E98887A628942A70002E0349 /* pixelmix.ttf in Resources */ = {isa = PBXBuildFile; fileRef = E98887A428942A6D002E0349 /* pixelmix.ttf */; };
		E98887AA28942A8D002E0349 /* license.txt in Resources */ = {isa = PBXBuildFile; fileRef = E98887A928942A8D002E0349 /* license.txt */; };
		E98887AC28942A91002E0349 /* readme.txt in Resources */ = {isa = PBXBuildFile; fileRef = E98887AB28942A91002E0349 /* readme.txt */; };
		E993B769292AD1E600654912 /* RadioMarquee.swift in Sources */ = {isa = PBXBuildFile; fileRef = E993B768292AD1E600654912 /* RadioMarquee.swift */; };
		E997B9922B1D082700C86E43 /* TempView.swift in Sources */ = {isa = PBXBuildFile; fileRef = E997B9912B1D082700C86E43 /* TempView.swift */; };
		E99C802C296F8B06000629F9 /* FlexibleView.swift in Sources */ = {isa = PBXBuildFile; fileRef = E99C802B296F8B06000629F9 /* FlexibleView.swift */; };
		E99C802E296F8E08000629F9 /* WAVBlack.swift in Sources */ = {isa = PBXBuildFile; fileRef = E99C802D296F8E08000629F9 /* WAVBlack.swift */; };
		E9A38AF929BCC75100254E9A /* Search.swift in Sources */ = {isa = PBXBuildFile; fileRef = E9A38AF829BCC75100254E9A /* Search.swift */; };
		E9AEFC41299AD08700A0B033 /* WAVBlue.swift in Sources */ = {isa = PBXBuildFile; fileRef = E9AEFC40299AD08700A0B033 /* WAVBlue.swift */; };
		E9B9433A2C19C7E000F9B011 /* SwiftUIIntrospect in Frameworks */ = {isa = PBXBuildFile; productRef = E9B943392C19C7E000F9B011 /* SwiftUIIntrospect */; };
		E9B9433D2C19C8BD00F9B011 /* Kingfisher in Frameworks */ = {isa = PBXBuildFile; productRef = E9B9433C2C19C8BD00F9B011 /* Kingfisher */; };
		E9B943402C19CA4C00F9B011 /* WebView.swift in Sources */ = {isa = PBXBuildFile; fileRef = E9B9433F2C19CA4C00F9B011 /* WebView.swift */; };
		E9C671B729CA3EDE006A79D6 /* WAVGlobeScope.swift in Sources */ = {isa = PBXBuildFile; fileRef = E9C671B629CA3EDE006A79D6 /* WAVGlobeScope.swift */; };
		E9C88D2028AD74EB00C62DC2 /* PixelButton.swift in Sources */ = {isa = PBXBuildFile; fileRef = E9C88D1F28AD74D500C62DC2 /* PixelButton.swift */; };
		E9D29F3B2B15555F0023AF30 /* Array-isNotEmpty.swift in Sources */ = {isa = PBXBuildFile; fileRef = E9D29F3A2B15555F0023AF30 /* Array-isNotEmpty.swift */; };
		E9D29F3F2B1560160023AF30 /* PlaceholderView.swift in Sources */ = {isa = PBXBuildFile; fileRef = E9D29F3E2B1560160023AF30 /* PlaceholderView.swift */; };
		E9D29F412B1560AD0023AF30 /* WAVShowView.swift in Sources */ = {isa = PBXBuildFile; fileRef = E9D29F402B1560AD0023AF30 /* WAVShowView.swift */; };
		E9D89F582976068E00CCD9BC /* EnvironmentValues-safeAreaInsets.swift in Sources */ = {isa = PBXBuildFile; fileRef = E9D89F572976068E00CCD9BC /* EnvironmentValues-safeAreaInsets.swift */; };
		E9D8FC892B17EA460038C18A /* BouncyButton.swift in Sources */ = {isa = PBXBuildFile; fileRef = E9D8FC882B17EA460038C18A /* BouncyButton.swift */; };
		E9D8FC8B2B17F2EE0038C18A /* Logger.swift in Sources */ = {isa = PBXBuildFile; fileRef = E9D8FC8A2B17F2EE0038C18A /* Logger.swift */; };
		E9D8FC8C2B17F9840038C18A /* BlurView.swift in Sources */ = {isa = PBXBuildFile; fileRef = E93473B22928E95E00E2016C /* BlurView.swift */; };
		E9D8FC8E2B18EB100038C18A /* WAVShowImagePlaceholder.swift in Sources */ = {isa = PBXBuildFile; fileRef = E9D8FC8D2B18EB100038C18A /* WAVShowImagePlaceholder.swift */; };
		E9DC8EE72961BA1D00C4B557 /* WAVShow.swift in Sources */ = {isa = PBXBuildFile; fileRef = E9DC8EE62961BA1D00C4B557 /* WAVShow.swift */; };
		E9EC4CC829720C1400690B88 /* String-htmlEntities.swift in Sources */ = {isa = PBXBuildFile; fileRef = E9EC4CC729720C1400690B88 /* String-htmlEntities.swift */; };
		E9F9F407297DDABC0093A008 /* WAVPink.swift in Sources */ = {isa = PBXBuildFile; fileRef = E9F9F406297DDABC0093A008 /* WAVPink.swift */; };
		E9FC53C0290084A600814244 /* MicroDOM.swift in Sources */ = {isa = PBXBuildFile; fileRef = E9FC53BF290084A600814244 /* MicroDOM.swift */; };
/* End PBXBuildFile section */

/* Begin PBXFileReference section */
		E91CCD7C289E7FA700F2E3C6 /* stream.xml */ = {isa = PBXFileReference; lastKnownFileType = text.xml; path = stream.xml; sourceTree = "<group>"; };
		E91F682B28867FE7005985BF /* WAV.app */ = {isa = PBXFileReference; explicitFileType = wrapper.application; includeInIndex = 0; path = WAV.app; sourceTree = BUILT_PRODUCTS_DIR; };
		E91F682E28867FE7005985BF /* WAVApp.swift */ = {isa = PBXFileReference; lastKnownFileType = sourcecode.swift; path = WAVApp.swift; sourceTree = "<group>"; };
		E91F683028867FE7005985BF /* ContentView.swift */ = {isa = PBXFileReference; lastKnownFileType = sourcecode.swift; path = ContentView.swift; sourceTree = "<group>"; };
		E91F683228867FEC005985BF /* Assets.xcassets */ = {isa = PBXFileReference; lastKnownFileType = folder.assetcatalog; path = Assets.xcassets; sourceTree = "<group>"; };
		E91F683528867FEC005985BF /* Preview Assets.xcassets */ = {isa = PBXFileReference; lastKnownFileType = folder.assetcatalog; path = "Preview Assets.xcassets"; sourceTree = "<group>"; };
		E9337D93297C423F00EDDA43 /* WAVGlobe.swift */ = {isa = PBXFileReference; fileEncoding = 4; lastKnownFileType = sourcecode.swift; path = WAVGlobe.swift; sourceTree = "<group>"; };
		E93473B12928E95E00E2016C /* userScript.js */ = {isa = PBXFileReference; fileEncoding = 4; lastKnownFileType = sourcecode.javascript; path = userScript.js; sourceTree = "<group>"; };
		E93473B22928E95E00E2016C /* BlurView.swift */ = {isa = PBXFileReference; fileEncoding = 4; lastKnownFileType = sourcecode.swift; path = BlurView.swift; sourceTree = "<group>"; };
		E93473B32928E95E00E2016C /* ArchivePlayerView.swift */ = {isa = PBXFileReference; fileEncoding = 4; lastKnownFileType = sourcecode.swift; path = ArchivePlayerView.swift; sourceTree = "<group>"; };
		E93473B42928E95E00E2016C /* InfiniteView.swift */ = {isa = PBXFileReference; fileEncoding = 4; lastKnownFileType = sourcecode.swift; path = InfiniteView.swift; sourceTree = "<group>"; };
		E93473B62928E95E00E2016C /* RotatingButtonStyle.swift */ = {isa = PBXFileReference; fileEncoding = 4; lastKnownFileType = sourcecode.swift; path = RotatingButtonStyle.swift; sourceTree = "<group>"; };
		E93473B82928E95E00E2016C /* DataController.swift */ = {isa = PBXFileReference; fileEncoding = 4; lastKnownFileType = sourcecode.swift; path = DataController.swift; sourceTree = "<group>"; };
		E93FBB8F297746D5006CE29D /* View-readSize.swift */ = {isa = PBXFileReference; fileEncoding = 4; lastKnownFileType = sourcecode.swift; path = "View-readSize.swift"; sourceTree = "<group>"; };
		E93FBB912977D68E006CE29D /* View-borderEdges.swift */ = {isa = PBXFileReference; lastKnownFileType = sourcecode.swift; path = "View-borderEdges.swift"; sourceTree = "<group>"; };
		E94B597929AD4FEB0009F11B /* TypeWriterView.swift */ = {isa = PBXFileReference; lastKnownFileType = sourcecode.swift; path = TypeWriterView.swift; sourceTree = "<group>"; };
		E94DDAF82B1A220300FCE47B /* Marquee.swift */ = {isa = PBXFileReference; lastKnownFileType = sourcecode.swift; path = Marquee.swift; sourceTree = "<group>"; };
		E958BAC928F17E4300D37B13 /* Schedule.swift */ = {isa = PBXFileReference; lastKnownFileType = sourcecode.swift; path = Schedule.swift; sourceTree = "<group>"; };
		E95AB21729663BB500AEC268 /* Image-centerCropped.swift */ = {isa = PBXFileReference; lastKnownFileType = sourcecode.swift; path = "Image-centerCropped.swift"; sourceTree = "<group>"; };
		E9607C5C29BBEEC80010490B /* Player.swift */ = {isa = PBXFileReference; lastKnownFileType = sourcecode.swift; path = Player.swift; sourceTree = "<group>"; };
		E9607C5E29BC0B000010490B /* Archive.swift */ = {isa = PBXFileReference; lastKnownFileType = sourcecode.swift; path = Archive.swift; sourceTree = "<group>"; };
		E9607C6029BC130C0010490B /* WAVShowTags.swift */ = {isa = PBXFileReference; lastKnownFileType = sourcecode.swift; path = WAVShowTags.swift; sourceTree = "<group>"; };
		E9607C6229BC13180010490B /* WAVShowCategories.swift */ = {isa = PBXFileReference; lastKnownFileType = sourcecode.swift; path = WAVShowCategories.swift; sourceTree = "<group>"; };
		E9607C6829BC70A10010490B /* Binding-readOnly.swift */ = {isa = PBXFileReference; lastKnownFileType = sourcecode.swift; path = "Binding-readOnly.swift"; sourceTree = "<group>"; };
		E961C5C329253F4C0091FB0B /* ArtworkPlaceholder.swift */ = {isa = PBXFileReference; lastKnownFileType = sourcecode.swift; path = ArtworkPlaceholder.swift; sourceTree = "<group>"; };
		E966D6C5288AF89900337C47 /* Radio.swift */ = {isa = PBXFileReference; lastKnownFileType = sourcecode.swift; path = Radio.swift; sourceTree = "<group>"; };
		E9702CA3295B4BD3007471A4 /* BlackTitle.swift */ = {isa = PBXFileReference; lastKnownFileType = sourcecode.swift; path = BlackTitle.swift; sourceTree = "<group>"; };
		E9718AAE2974CDFA008132B8 /* CustomTabBar.swift */ = {isa = PBXFileReference; lastKnownFileType = sourcecode.swift; path = CustomTabBar.swift; sourceTree = "<group>"; };
		E973428B29AB7A5E003ADDC1 /* View-onValueChanged.swift */ = {isa = PBXFileReference; fileEncoding = 4; lastKnownFileType = sourcecode.swift; path = "View-onValueChanged.swift"; sourceTree = "<group>"; };
		E97D51BA295A2A3900DB9380 /* String-condenseWhitespace.swift */ = {isa = PBXFileReference; lastKnownFileType = sourcecode.swift; path = "String-condenseWhitespace.swift"; sourceTree = "<group>"; };
		E97F4B1129BCCDEE00A0D5D2 /* View-fadeIn.swift */ = {isa = PBXFileReference; lastKnownFileType = sourcecode.swift; name = "View-fadeIn.swift"; path = "WAV/Extensions/View-fadeIn.swift"; sourceTree = SOURCE_ROOT; };
		E98887A428942A6D002E0349 /* pixelmix.ttf */ = {isa = PBXFileReference; lastKnownFileType = file; path = pixelmix.ttf; sourceTree = "<group>"; };
		E98887A928942A8D002E0349 /* license.txt */ = {isa = PBXFileReference; fileEncoding = 4; lastKnownFileType = text; path = license.txt; sourceTree = "<group>"; };
		E98887AB28942A91002E0349 /* readme.txt */ = {isa = PBXFileReference; fileEncoding = 4; lastKnownFileType = text; path = readme.txt; sourceTree = "<group>"; };
		E98887AD28942DC2002E0349 /* Info.plist */ = {isa = PBXFileReference; lastKnownFileType = text.plist; path = Info.plist; sourceTree = "<group>"; };
		E993B768292AD1E600654912 /* RadioMarquee.swift */ = {isa = PBXFileReference; lastKnownFileType = sourcecode.swift; path = RadioMarquee.swift; sourceTree = "<group>"; };
		E997B9912B1D082700C86E43 /* TempView.swift */ = {isa = PBXFileReference; lastKnownFileType = sourcecode.swift; path = TempView.swift; sourceTree = "<group>"; };
		E99C802B296F8B06000629F9 /* FlexibleView.swift */ = {isa = PBXFileReference; fileEncoding = 4; lastKnownFileType = sourcecode.swift; path = FlexibleView.swift; sourceTree = "<group>"; };
		E99C802D296F8E08000629F9 /* WAVBlack.swift */ = {isa = PBXFileReference; lastKnownFileType = sourcecode.swift; path = WAVBlack.swift; sourceTree = "<group>"; };
		E9A38AF829BCC75100254E9A /* Search.swift */ = {isa = PBXFileReference; lastKnownFileType = sourcecode.swift; path = Search.swift; sourceTree = "<group>"; };
		E9AB244E292DBD8300086338 /* Chat.swift */ = {isa = PBXFileReference; lastKnownFileType = sourcecode.swift; path = Chat.swift; sourceTree = "<group>"; };
		E9AEFC40299AD08700A0B033 /* WAVBlue.swift */ = {isa = PBXFileReference; lastKnownFileType = sourcecode.swift; path = WAVBlue.swift; sourceTree = "<group>"; };
		E9B9433F2C19CA4C00F9B011 /* WebView.swift */ = {isa = PBXFileReference; lastKnownFileType = sourcecode.swift; path = WebView.swift; sourceTree = "<group>"; };
		E9B943412C19CA7300F9B011 /* README.md */ = {isa = PBXFileReference; lastKnownFileType = net.daringfireball.markdown; path = README.md; sourceTree = "<group>"; };
		E9C671B629CA3EDE006A79D6 /* WAVGlobeScope.swift */ = {isa = PBXFileReference; lastKnownFileType = sourcecode.swift; path = WAVGlobeScope.swift; sourceTree = "<group>"; };
		E9C88D1F28AD74D500C62DC2 /* PixelButton.swift */ = {isa = PBXFileReference; lastKnownFileType = sourcecode.swift; name = PixelButton.swift; path = WAV/PixelButton.swift; sourceTree = SOURCE_ROOT; };
		E9D29F3A2B15555F0023AF30 /* Array-isNotEmpty.swift */ = {isa = PBXFileReference; lastKnownFileType = sourcecode.swift; path = "Array-isNotEmpty.swift"; sourceTree = "<group>"; };
		E9D29F3E2B1560160023AF30 /* PlaceholderView.swift */ = {isa = PBXFileReference; lastKnownFileType = sourcecode.swift; path = PlaceholderView.swift; sourceTree = "<group>"; };
		E9D29F402B1560AD0023AF30 /* WAVShowView.swift */ = {isa = PBXFileReference; lastKnownFileType = sourcecode.swift; path = WAVShowView.swift; sourceTree = "<group>"; };
		E9D89F572976068E00CCD9BC /* EnvironmentValues-safeAreaInsets.swift */ = {isa = PBXFileReference; fileEncoding = 4; lastKnownFileType = sourcecode.swift; path = "EnvironmentValues-safeAreaInsets.swift"; sourceTree = "<group>"; };
		E9D8FC882B17EA460038C18A /* BouncyButton.swift */ = {isa = PBXFileReference; lastKnownFileType = sourcecode.swift; path = BouncyButton.swift; sourceTree = "<group>"; };
		E9D8FC8A2B17F2EE0038C18A /* Logger.swift */ = {isa = PBXFileReference; lastKnownFileType = sourcecode.swift; path = Logger.swift; sourceTree = "<group>"; };
		E9D8FC8D2B18EB100038C18A /* WAVShowImagePlaceholder.swift */ = {isa = PBXFileReference; lastKnownFileType = sourcecode.swift; path = WAVShowImagePlaceholder.swift; sourceTree = "<group>"; };
		E9DC8EE62961BA1D00C4B557 /* WAVShow.swift */ = {isa = PBXFileReference; lastKnownFileType = sourcecode.swift; path = WAVShow.swift; sourceTree = "<group>"; };
		E9EC4CC729720C1400690B88 /* String-htmlEntities.swift */ = {isa = PBXFileReference; lastKnownFileType = sourcecode.swift; path = "String-htmlEntities.swift"; sourceTree = "<group>"; };
		E9F9F406297DDABC0093A008 /* WAVPink.swift */ = {isa = PBXFileReference; lastKnownFileType = sourcecode.swift; path = WAVPink.swift; sourceTree = "<group>"; };
		E9FC53BF290084A600814244 /* MicroDOM.swift */ = {isa = PBXFileReference; fileEncoding = 4; lastKnownFileType = sourcecode.swift; path = MicroDOM.swift; sourceTree = "<group>"; };
		E9FCF7F429539D7B0015C442 /* RecordView.swift */ = {isa = PBXFileReference; fileEncoding = 4; lastKnownFileType = sourcecode.swift; path = RecordView.swift; sourceTree = "<group>"; };
/* End PBXFileReference section */

/* Begin PBXFrameworksBuildPhase section */
		E91F682828867FE7005985BF /* Frameworks */ = {
			isa = PBXFrameworksBuildPhase;
			buildActionMask = 2147483647;
			files = (
				E9B9433D2C19C8BD00F9B011 /* Kingfisher in Frameworks */,
				E9B9433A2C19C7E000F9B011 /* SwiftUIIntrospect in Frameworks */,
			);
			runOnlyForDeploymentPostprocessing = 0;
		};
/* End PBXFrameworksBuildPhase section */

/* Begin PBXGroup section */
		E91F682228867FE7005985BF = {
			isa = PBXGroup;
			children = (
				E91F682D28867FE7005985BF /* WAV */,
				E91F682C28867FE7005985BF /* Products */,
			);
			sourceTree = "<group>";
		};
		E91F682C28867FE7005985BF /* Products */ = {
			isa = PBXGroup;
			children = (
				E91F682B28867FE7005985BF /* WAV.app */,
			);
			name = Products;
			sourceTree = "<group>";
		};
		E91F682D28867FE7005985BF /* WAV */ = {
			isa = PBXGroup;
			children = (
				E98887AD28942DC2002E0349 /* Info.plist */,
				E91F683228867FEC005985BF /* Assets.xcassets */,
				E91F682E28867FE7005985BF /* WAVApp.swift */,
				E91F683028867FE7005985BF /* ContentView.swift */,
				E993B768292AD1E600654912 /* RadioMarquee.swift */,
				E94DDAF82B1A220300FCE47B /* Marquee.swift */,
				E9718AAE2974CDFA008132B8 /* CustomTabBar.swift */,
				E93473B82928E95E00E2016C /* DataController.swift */,
				E9B229A8289C65A000AC55CF /* Live */,
				E934739C2928CBB000E2016C /* Archive */,
				E961C5C72925EF790091FB0B /* Schedule */,
				E9AB244D292DBD6D00086338 /* Chat */,
				E97D51B9295A2A1400DB9380 /* Extensions */,
				E98887A828942A78002E0349 /* Fonts */,
				E91F683428867FEC005985BF /* Preview Content */,
				E9B9433E2C19CA3E00F9B011 /* WebView */,
			);
			path = WAV;
			sourceTree = "<group>";
		};
		E91F683428867FEC005985BF /* Preview Content */ = {
			isa = PBXGroup;
			children = (
				E91CCD7C289E7FA700F2E3C6 /* stream.xml */,
				E91F683528867FEC005985BF /* Preview Assets.xcassets */,
			);
			path = "Preview Content";
			sourceTree = "<group>";
		};
		E934739C2928CBB000E2016C /* Archive */ = {
			isa = PBXGroup;
			children = (
				E9607C5E29BC0B000010490B /* Archive.swift */,
				E9A38AF829BCC75100254E9A /* Search.swift */,
				E997B9912B1D082700C86E43 /* TempView.swift */,
				E93473B42928E95E00E2016C /* InfiniteView.swift */,
				E9DC8EE62961BA1D00C4B557 /* WAVShow.swift */,
				E9D29F402B1560AD0023AF30 /* WAVShowView.swift */,
				E9D8FC8D2B18EB100038C18A /* WAVShowImagePlaceholder.swift */,
				E9607C6029BC130C0010490B /* WAVShowTags.swift */,
				E9607C6229BC13180010490B /* WAVShowCategories.swift */,
				E93473B32928E95E00E2016C /* ArchivePlayerView.swift */,
				E93473B12928E95E00E2016C /* userScript.js */,
				E99C802D296F8E08000629F9 /* WAVBlack.swift */,
				E9AEFC40299AD08700A0B033 /* WAVBlue.swift */,
				E9F9F406297DDABC0093A008 /* WAVPink.swift */,
				E99C802B296F8B06000629F9 /* FlexibleView.swift */,
				E9702CA3295B4BD3007471A4 /* BlackTitle.swift */,
				E94B597929AD4FEB0009F11B /* TypeWriterView.swift */,
				E9718AAB2974B432008132B8 /* Trash */,
				E9D29F3E2B1560160023AF30 /* PlaceholderView.swift */,
			);
			path = Archive;
			sourceTree = "<group>";
		};
		E961C5C72925EF790091FB0B /* Schedule */ = {
			isa = PBXGroup;
			children = (
				E958BAC928F17E4300D37B13 /* Schedule.swift */,
			);
			path = Schedule;
			sourceTree = "<group>";
		};
		E9718AAB2974B432008132B8 /* Trash */ = {
			isa = PBXGroup;
			children = (
				E93473B22928E95E00E2016C /* BlurView.swift */,
				E9FCF7F429539D7B0015C442 /* RecordView.swift */,
				E93473B62928E95E00E2016C /* RotatingButtonStyle.swift */,
			);
			path = Trash;
			sourceTree = "<group>";
		};
		E97D51B9295A2A1400DB9380 /* Extensions */ = {
			isa = PBXGroup;
			children = (
				E9D8FC882B17EA460038C18A /* BouncyButton.swift */,
				E9607C6829BC70A10010490B /* Binding-readOnly.swift */,
				E9D89F572976068E00CCD9BC /* EnvironmentValues-safeAreaInsets.swift */,
				E95AB21729663BB500AEC268 /* Image-centerCropped.swift */,
				E9D8FC8A2B17F2EE0038C18A /* Logger.swift */,
				E97D51BA295A2A3900DB9380 /* String-condenseWhitespace.swift */,
				E9EC4CC729720C1400690B88 /* String-htmlEntities.swift */,
				E97F4B1129BCCDEE00A0D5D2 /* View-fadeIn.swift */,
				E93FBB8F297746D5006CE29D /* View-readSize.swift */,
				E93FBB912977D68E006CE29D /* View-borderEdges.swift */,
				E973428B29AB7A5E003ADDC1 /* View-onValueChanged.swift */,
				E9D29F3A2B15555F0023AF30 /* Array-isNotEmpty.swift */,
			);
			path = Extensions;
			sourceTree = "<group>";
		};
		E98887A828942A78002E0349 /* Fonts */ = {
			isa = PBXGroup;
			children = (
				E98887A928942A8D002E0349 /* license.txt */,
				E98887AB28942A91002E0349 /* readme.txt */,
				E98887A428942A6D002E0349 /* pixelmix.ttf */,
			);
			path = Fonts;
			sourceTree = "<group>";
		};
		E9AB244D292DBD6D00086338 /* Chat */ = {
			isa = PBXGroup;
			children = (
				E9AB244E292DBD8300086338 /* Chat.swift */,
			);
			path = Chat;
			sourceTree = "<group>";
		};
		E9B229A8289C65A000AC55CF /* Live */ = {
			isa = PBXGroup;
			children = (
				E9337D93297C423F00EDDA43 /* WAVGlobe.swift */,
				E9C671B629CA3EDE006A79D6 /* WAVGlobeScope.swift */,
				E966D6C5288AF89900337C47 /* Radio.swift */,
				E961C5C329253F4C0091FB0B /* ArtworkPlaceholder.swift */,
				E9FC53BF290084A600814244 /* MicroDOM.swift */,
				E9C88D1F28AD74D500C62DC2 /* PixelButton.swift */,
				E9607C5C29BBEEC80010490B /* Player.swift */,
			);
			path = Live;
			sourceTree = "<group>";
		};
		E9B9433E2C19CA3E00F9B011 /* WebView */ = {
			isa = PBXGroup;
			children = (
				E9B9433F2C19CA4C00F9B011 /* WebView.swift */,
				E9B943412C19CA7300F9B011 /* README.md */,
			);
			path = WebView;
			sourceTree = "<group>";
		};
/* End PBXGroup section */

/* Begin PBXNativeTarget section */
		E91F682A28867FE7005985BF /* WAV */ = {
			isa = PBXNativeTarget;
			buildConfigurationList = E91F683928867FEC005985BF /* Build configuration list for PBXNativeTarget "WAV" */;
			buildPhases = (
				E91F682728867FE7005985BF /* Sources */,
				E91F682828867FE7005985BF /* Frameworks */,
				E91F682928867FE7005985BF /* Resources */,
			);
			buildRules = (
			);
			dependencies = (
			);
			name = WAV;
			packageProductDependencies = (
				E9B943392C19C7E000F9B011 /* SwiftUIIntrospect */,
				E9B9433C2C19C8BD00F9B011 /* Kingfisher */,
			);
			productName = WAV;
			productReference = E91F682B28867FE7005985BF /* WAV.app */;
			productType = "com.apple.product-type.application";
		};
/* End PBXNativeTarget section */

/* Begin PBXProject section */
		E91F682328867FE7005985BF /* Project object */ = {
			isa = PBXProject;
			attributes = {
				BuildIndependentTargetsInParallel = 1;
				LastSwiftUpdateCheck = 1340;
				LastUpgradeCheck = 1500;
				TargetAttributes = {
					E91F682A28867FE7005985BF = {
						CreatedOnToolsVersion = 13.4.1;
					};
				};
			};
			buildConfigurationList = E91F682628867FE7005985BF /* Build configuration list for PBXProject "WAV" */;
			compatibilityVersion = "Xcode 13.0";
			developmentRegion = en;
			hasScannedForEncodings = 0;
			knownRegions = (
				en,
				Base,
			);
			mainGroup = E91F682228867FE7005985BF;
			packageReferences = (
				E9B943382C19C7E000F9B011 /* XCRemoteSwiftPackageReference "swiftui-introspect" */,
				E9B9433B2C19C8BD00F9B011 /* XCRemoteSwiftPackageReference "Kingfisher" */,
			);
			productRefGroup = E91F682C28867FE7005985BF /* Products */;
			projectDirPath = "";
			projectRoot = "";
			targets = (
				E91F682A28867FE7005985BF /* WAV */,
			);
		};
/* End PBXProject section */

/* Begin PBXResourcesBuildPhase section */
		E91F682928867FE7005985BF /* Resources */ = {
			isa = PBXResourcesBuildPhase;
			buildActionMask = 2147483647;
			files = (
				E904E4352928ED2300DEE8B9 /* userScript.js in Resources */,
				E98887AC28942A91002E0349 /* readme.txt in Resources */,
				E91F683628867FEC005985BF /* Preview Assets.xcassets in Resources */,
				E98887AA28942A8D002E0349 /* license.txt in Resources */,
				E91F683328867FEC005985BF /* Assets.xcassets in Resources */,
				E98887A628942A70002E0349 /* pixelmix.ttf in Resources */,
			);
			runOnlyForDeploymentPostprocessing = 0;
		};
/* End PBXResourcesBuildPhase section */

/* Begin PBXSourcesBuildPhase section */
		E91F682728867FE7005985BF /* Sources */ = {
			isa = PBXSourcesBuildPhase;
			buildActionMask = 2147483647;
			files = (
				E9EC4CC829720C1400690B88 /* String-htmlEntities.swift in Sources */,
				E9FC53C0290084A600814244 /* MicroDOM.swift in Sources */,
				E9DC8EE72961BA1D00C4B557 /* WAVShow.swift in Sources */,
				E9D29F412B1560AD0023AF30 /* WAVShowView.swift in Sources */,
				E93FBB922977D68E006CE29D /* View-borderEdges.swift in Sources */,
				E904E4312928ED2300DEE8B9 /* InfiniteView.swift in Sources */,
				E9B943402C19CA4C00F9B011 /* WebView.swift in Sources */,
				E9702CA4295B4BD3007471A4 /* BlackTitle.swift in Sources */,
				E9A38AF929BCC75100254E9A /* Search.swift in Sources */,
				E9D8FC8E2B18EB100038C18A /* WAVShowImagePlaceholder.swift in Sources */,
				E91F683128867FE7005985BF /* ContentView.swift in Sources */,
				E97F4B1229BCCDEE00A0D5D2 /* View-fadeIn.swift in Sources */,
				E9607C5F29BC0B000010490B /* Archive.swift in Sources */,
				E93FBB90297746D5006CE29D /* View-readSize.swift in Sources */,
				E94B597A29AD4FEB0009F11B /* TypeWriterView.swift in Sources */,
				E9D8FC8B2B17F2EE0038C18A /* Logger.swift in Sources */,
				E9AEFC41299AD08700A0B033 /* WAVBlue.swift in Sources */,
				E9D89F582976068E00CCD9BC /* EnvironmentValues-safeAreaInsets.swift in Sources */,
				E904E4342928ED2300DEE8B9 /* ArchivePlayerView.swift in Sources */,
				E9C88D2028AD74EB00C62DC2 /* PixelButton.swift in Sources */,
				E97D51BB295A2A3900DB9380 /* String-condenseWhitespace.swift in Sources */,
				E904E4322928ED2300DEE8B9 /* DataController.swift in Sources */,
				E9718AAF2974CDFA008132B8 /* CustomTabBar.swift in Sources */,
				E9F9F407297DDABC0093A008 /* WAVPink.swift in Sources */,
				E966D6C6288AF89900337C47 /* Radio.swift in Sources */,
				E958BACA28F17E4300D37B13 /* Schedule.swift in Sources */,
				E993B769292AD1E600654912 /* RadioMarquee.swift in Sources */,
				E99C802C296F8B06000629F9 /* FlexibleView.swift in Sources */,
				E94DDAF92B1A220300FCE47B /* Marquee.swift in Sources */,
				E973428C29AB7A5E003ADDC1 /* View-onValueChanged.swift in Sources */,
				E9D8FC892B17EA460038C18A /* BouncyButton.swift in Sources */,
				E99C802E296F8E08000629F9 /* WAVBlack.swift in Sources */,
				E964817029BE361200F6A7CF /* WAVGlobe.swift in Sources */,
				E95AB21829663BB500AEC268 /* Image-centerCropped.swift in Sources */,
				E9607C6929BC70A10010490B /* Binding-readOnly.swift in Sources */,
				E91F682F28867FE7005985BF /* WAVApp.swift in Sources */,
				E9607C5D29BBEEC90010490B /* Player.swift in Sources */,
				E9D8FC8C2B17F9840038C18A /* BlurView.swift in Sources */,
				E961C5C429253F4C0091FB0B /* ArtworkPlaceholder.swift in Sources */,
				E9607C6329BC13180010490B /* WAVShowCategories.swift in Sources */,
				E9D29F3B2B15555F0023AF30 /* Array-isNotEmpty.swift in Sources */,
				E9C671B729CA3EDE006A79D6 /* WAVGlobeScope.swift in Sources */,
				E997B9922B1D082700C86E43 /* TempView.swift in Sources */,
				E9D29F3F2B1560160023AF30 /* PlaceholderView.swift in Sources */,
				E9607C6129BC130C0010490B /* WAVShowTags.swift in Sources */,
			);
			runOnlyForDeploymentPostprocessing = 0;
		};
/* End PBXSourcesBuildPhase section */

/* Begin XCBuildConfiguration section */
		E91F683728867FEC005985BF /* Debug */ = {
			isa = XCBuildConfiguration;
			buildSettings = {
				ALWAYS_SEARCH_USER_PATHS = NO;
				ASSETCATALOG_COMPILER_GENERATE_SWIFT_ASSET_SYMBOL_EXTENSIONS = YES;
				CLANG_ANALYZER_NONNULL = YES;
				CLANG_ANALYZER_NUMBER_OBJECT_CONVERSION = YES_AGGRESSIVE;
				CLANG_CXX_LANGUAGE_STANDARD = "gnu++17";
				CLANG_ENABLE_MODULES = YES;
				CLANG_ENABLE_OBJC_ARC = YES;
				CLANG_ENABLE_OBJC_WEAK = YES;
				CLANG_WARN_BLOCK_CAPTURE_AUTORELEASING = YES;
				CLANG_WARN_BOOL_CONVERSION = YES;
				CLANG_WARN_COMMA = YES;
				CLANG_WARN_CONSTANT_CONVERSION = YES;
				CLANG_WARN_DEPRECATED_OBJC_IMPLEMENTATIONS = YES;
				CLANG_WARN_DIRECT_OBJC_ISA_USAGE = YES_ERROR;
				CLANG_WARN_DOCUMENTATION_COMMENTS = YES;
				CLANG_WARN_EMPTY_BODY = YES;
				CLANG_WARN_ENUM_CONVERSION = YES;
				CLANG_WARN_INFINITE_RECURSION = YES;
				CLANG_WARN_INT_CONVERSION = YES;
				CLANG_WARN_NON_LITERAL_NULL_CONVERSION = YES;
				CLANG_WARN_OBJC_IMPLICIT_RETAIN_SELF = YES;
				CLANG_WARN_OBJC_LITERAL_CONVERSION = YES;
				CLANG_WARN_OBJC_ROOT_CLASS = YES_ERROR;
				CLANG_WARN_QUOTED_INCLUDE_IN_FRAMEWORK_HEADER = YES;
				CLANG_WARN_RANGE_LOOP_ANALYSIS = YES;
				CLANG_WARN_STRICT_PROTOTYPES = YES;
				CLANG_WARN_SUSPICIOUS_MOVE = YES;
				CLANG_WARN_UNGUARDED_AVAILABILITY = YES_AGGRESSIVE;
				CLANG_WARN_UNREACHABLE_CODE = YES;
				CLANG_WARN__DUPLICATE_METHOD_MATCH = YES;
				COPY_PHASE_STRIP = NO;
				DEBUG_INFORMATION_FORMAT = dwarf;
				ENABLE_STRICT_OBJC_MSGSEND = YES;
				ENABLE_TESTABILITY = YES;
				ENABLE_USER_SCRIPT_SANDBOXING = YES;
				GCC_C_LANGUAGE_STANDARD = gnu11;
				GCC_DYNAMIC_NO_PIC = NO;
				GCC_NO_COMMON_BLOCKS = YES;
				GCC_OPTIMIZATION_LEVEL = 0;
				GCC_PREPROCESSOR_DEFINITIONS = (
					"DEBUG=1",
					"$(inherited)",
				);
				GCC_WARN_64_TO_32_BIT_CONVERSION = YES;
				GCC_WARN_ABOUT_RETURN_TYPE = YES_ERROR;
				GCC_WARN_UNDECLARED_SELECTOR = YES;
				GCC_WARN_UNINITIALIZED_AUTOS = YES_AGGRESSIVE;
				GCC_WARN_UNUSED_FUNCTION = YES;
				GCC_WARN_UNUSED_VARIABLE = YES;
				IPHONEOS_DEPLOYMENT_TARGET = 15.0;
				MTL_ENABLE_DEBUG_INFO = INCLUDE_SOURCE;
				MTL_FAST_MATH = YES;
				ONLY_ACTIVE_ARCH = YES;
				SDKROOT = iphoneos;
				SWIFT_ACTIVE_COMPILATION_CONDITIONS = DEBUG;
				SWIFT_OPTIMIZATION_LEVEL = "-Onone";
			};
			name = Debug;
		};
		E91F683828867FEC005985BF /* Release */ = {
			isa = XCBuildConfiguration;
			buildSettings = {
				ALWAYS_SEARCH_USER_PATHS = NO;
				ASSETCATALOG_COMPILER_GENERATE_SWIFT_ASSET_SYMBOL_EXTENSIONS = YES;
				CLANG_ANALYZER_NONNULL = YES;
				CLANG_ANALYZER_NUMBER_OBJECT_CONVERSION = YES_AGGRESSIVE;
				CLANG_CXX_LANGUAGE_STANDARD = "gnu++17";
				CLANG_ENABLE_MODULES = YES;
				CLANG_ENABLE_OBJC_ARC = YES;
				CLANG_ENABLE_OBJC_WEAK = YES;
				CLANG_WARN_BLOCK_CAPTURE_AUTORELEASING = YES;
				CLANG_WARN_BOOL_CONVERSION = YES;
				CLANG_WARN_COMMA = YES;
				CLANG_WARN_CONSTANT_CONVERSION = YES;
				CLANG_WARN_DEPRECATED_OBJC_IMPLEMENTATIONS = YES;
				CLANG_WARN_DIRECT_OBJC_ISA_USAGE = YES_ERROR;
				CLANG_WARN_DOCUMENTATION_COMMENTS = YES;
				CLANG_WARN_EMPTY_BODY = YES;
				CLANG_WARN_ENUM_CONVERSION = YES;
				CLANG_WARN_INFINITE_RECURSION = YES;
				CLANG_WARN_INT_CONVERSION = YES;
				CLANG_WARN_NON_LITERAL_NULL_CONVERSION = YES;
				CLANG_WARN_OBJC_IMPLICIT_RETAIN_SELF = YES;
				CLANG_WARN_OBJC_LITERAL_CONVERSION = YES;
				CLANG_WARN_OBJC_ROOT_CLASS = YES_ERROR;
				CLANG_WARN_QUOTED_INCLUDE_IN_FRAMEWORK_HEADER = YES;
				CLANG_WARN_RANGE_LOOP_ANALYSIS = YES;
				CLANG_WARN_STRICT_PROTOTYPES = YES;
				CLANG_WARN_SUSPICIOUS_MOVE = YES;
				CLANG_WARN_UNGUARDED_AVAILABILITY = YES_AGGRESSIVE;
				CLANG_WARN_UNREACHABLE_CODE = YES;
				CLANG_WARN__DUPLICATE_METHOD_MATCH = YES;
				COPY_PHASE_STRIP = NO;
				DEBUG_INFORMATION_FORMAT = "dwarf-with-dsym";
				ENABLE_NS_ASSERTIONS = NO;
				ENABLE_STRICT_OBJC_MSGSEND = YES;
				ENABLE_USER_SCRIPT_SANDBOXING = YES;
				GCC_C_LANGUAGE_STANDARD = gnu11;
				GCC_NO_COMMON_BLOCKS = YES;
				GCC_WARN_64_TO_32_BIT_CONVERSION = YES;
				GCC_WARN_ABOUT_RETURN_TYPE = YES_ERROR;
				GCC_WARN_UNDECLARED_SELECTOR = YES;
				GCC_WARN_UNINITIALIZED_AUTOS = YES_AGGRESSIVE;
				GCC_WARN_UNUSED_FUNCTION = YES;
				GCC_WARN_UNUSED_VARIABLE = YES;
				IPHONEOS_DEPLOYMENT_TARGET = 15.0;
				MTL_ENABLE_DEBUG_INFO = NO;
				MTL_FAST_MATH = YES;
				SDKROOT = iphoneos;
				SWIFT_COMPILATION_MODE = wholemodule;
				SWIFT_OPTIMIZATION_LEVEL = "-O";
				VALIDATE_PRODUCT = YES;
			};
			name = Release;
		};
		E91F683A28867FEC005985BF /* Debug */ = {
			isa = XCBuildConfiguration;
			buildSettings = {
				ASSETCATALOG_COMPILER_APPICON_NAME = AppIcon;
				ASSETCATALOG_COMPILER_GLOBAL_ACCENT_COLOR_NAME = AccentColor;
				CODE_SIGN_STYLE = Automatic;
				CURRENT_PROJECT_VERSION = 1;
				DEVELOPMENT_ASSET_PATHS = "\"WAV/Preview Content\"";
				DEVELOPMENT_TEAM = ZK76SGK8FA;
				ENABLE_PREVIEWS = YES;
				GENERATE_INFOPLIST_FILE = YES;
				INFOPLIST_FILE = WAV/Info.plist;
				INFOPLIST_KEY_CFBundleDisplayName = "We Are Various";
				INFOPLIST_KEY_LSApplicationCategoryType = "public.app-category.music";
				INFOPLIST_KEY_UIApplicationSceneManifest_Generation = YES;
				INFOPLIST_KEY_UIApplicationSupportsIndirectInputEvents = YES;
				INFOPLIST_KEY_UILaunchScreen_Generation = YES;
				INFOPLIST_KEY_UIStatusBarStyle = UIStatusBarStyleLightContent;
				INFOPLIST_KEY_UISupportedInterfaceOrientations = UIInterfaceOrientationPortrait;
				INFOPLIST_KEY_UISupportedInterfaceOrientations_iPad = "UIInterfaceOrientationLandscapeLeft UIInterfaceOrientationLandscapeRight UIInterfaceOrientationPortrait UIInterfaceOrientationPortraitUpsideDown";
				IPHONEOS_DEPLOYMENT_TARGET = 16.0;
				LD_RUNPATH_SEARCH_PATHS = (
					"$(inherited)",
					"@executable_path/Frameworks",
				);
				MARKETING_VERSION = 1.5;
				PRODUCT_BUNDLE_IDENTIFIER = design.td540.WeAreVarious;
				PRODUCT_NAME = "$(TARGET_NAME)";
				SWIFT_EMIT_LOC_STRINGS = YES;
				SWIFT_VERSION = 5.0;
				TARGETED_DEVICE_FAMILY = 1;
			};
			name = Debug;
		};
		E91F683B28867FEC005985BF /* Release */ = {
			isa = XCBuildConfiguration;
			buildSettings = {
				ASSETCATALOG_COMPILER_APPICON_NAME = AppIcon;
				ASSETCATALOG_COMPILER_GLOBAL_ACCENT_COLOR_NAME = AccentColor;
				CODE_SIGN_STYLE = Automatic;
				CURRENT_PROJECT_VERSION = 1;
				DEVELOPMENT_ASSET_PATHS = "\"WAV/Preview Content\"";
				DEVELOPMENT_TEAM = ZK76SGK8FA;
				ENABLE_PREVIEWS = YES;
				GENERATE_INFOPLIST_FILE = YES;
				INFOPLIST_FILE = WAV/Info.plist;
				INFOPLIST_KEY_CFBundleDisplayName = "We Are Various";
				INFOPLIST_KEY_LSApplicationCategoryType = "public.app-category.music";
				INFOPLIST_KEY_UIApplicationSceneManifest_Generation = YES;
				INFOPLIST_KEY_UIApplicationSupportsIndirectInputEvents = YES;
				INFOPLIST_KEY_UILaunchScreen_Generation = YES;
				INFOPLIST_KEY_UIStatusBarStyle = UIStatusBarStyleLightContent;
				INFOPLIST_KEY_UISupportedInterfaceOrientations = UIInterfaceOrientationPortrait;
				INFOPLIST_KEY_UISupportedInterfaceOrientations_iPad = "UIInterfaceOrientationLandscapeLeft UIInterfaceOrientationLandscapeRight UIInterfaceOrientationPortrait UIInterfaceOrientationPortraitUpsideDown";
				IPHONEOS_DEPLOYMENT_TARGET = 16.0;
				LD_RUNPATH_SEARCH_PATHS = (
					"$(inherited)",
					"@executable_path/Frameworks",
				);
				MARKETING_VERSION = 1.5;
				PRODUCT_BUNDLE_IDENTIFIER = design.td540.WeAreVarious;
				PRODUCT_NAME = "$(TARGET_NAME)";
				SWIFT_EMIT_LOC_STRINGS = YES;
				SWIFT_VERSION = 5.0;
				TARGETED_DEVICE_FAMILY = 1;
			};
			name = Release;
		};
/* End XCBuildConfiguration section */

/* Begin XCConfigurationList section */
		E91F682628867FE7005985BF /* Build configuration list for PBXProject "WAV" */ = {
			isa = XCConfigurationList;
			buildConfigurations = (
				E91F683728867FEC005985BF /* Debug */,
				E91F683828867FEC005985BF /* Release */,
			);
			defaultConfigurationIsVisible = 0;
			defaultConfigurationName = Release;
		};
		E91F683928867FEC005985BF /* Build configuration list for PBXNativeTarget "WAV" */ = {
			isa = XCConfigurationList;
			buildConfigurations = (
				E91F683A28867FEC005985BF /* Debug */,
				E91F683B28867FEC005985BF /* Release */,
			);
			defaultConfigurationIsVisible = 0;
			defaultConfigurationName = Release;
		};
/* End XCConfigurationList section */

/* Begin XCRemoteSwiftPackageReference section */
		E9B943382C19C7E000F9B011 /* XCRemoteSwiftPackageReference "swiftui-introspect" */ = {
			isa = XCRemoteSwiftPackageReference;
			repositoryURL = "https://github.com/siteline/swiftui-introspect";
			requirement = {
				kind = upToNextMajorVersion;
				minimumVersion = 1.1.4;
			};
		};
		E9B9433B2C19C8BD00F9B011 /* XCRemoteSwiftPackageReference "Kingfisher" */ = {
			isa = XCRemoteSwiftPackageReference;
			repositoryURL = "https://github.com/onevcat/Kingfisher.git";
			requirement = {
				kind = upToNextMajorVersion;
				minimumVersion = 7.12.0;
			};
		};
/* End XCRemoteSwiftPackageReference section */

/* Begin XCSwiftPackageProductDependency section */
		E9B943392C19C7E000F9B011 /* SwiftUIIntrospect */ = {
			isa = XCSwiftPackageProductDependency;
			package = E9B943382C19C7E000F9B011 /* XCRemoteSwiftPackageReference "swiftui-introspect" */;
			productName = SwiftUIIntrospect;
		};
		E9B9433C2C19C8BD00F9B011 /* Kingfisher */ = {
			isa = XCSwiftPackageProductDependency;
			package = E9B9433B2C19C8BD00F9B011 /* XCRemoteSwiftPackageReference "Kingfisher" */;
			productName = Kingfisher;
		};
/* End XCSwiftPackageProductDependency section */
	};
	rootObject = E91F682328867FE7005985BF /* Project object */;
}
